// !$*UTF8*$!
{
	archiveVersion = 1;
	classes = {
	};
	objectVersion = 48;
	objects = {

/* Begin PBXBuildFile section */
		0077F6E3851B0E180BB65818 /* libPods-QuickTalkUITests.a in Frameworks */ = {isa = PBXBuildFile; fileRef = 504086E5F9003828E86F3DD3 /* libPods-QuickTalkUITests.a */; };
		31180B312A8C5D32D7766EB4 /* libPods-QuickTalkTests.a in Frameworks */ = {isa = PBXBuildFile; fileRef = AB233057C817F3134CB114FA /* libPods-QuickTalkTests.a */; };
		DF754F8F0360DE897706D94A /* libPods-QuickTalk.a in Frameworks */ = {isa = PBXBuildFile; fileRef = AF90E4BD216CF709CCA8E21A /* libPods-QuickTalk.a */; };
		E0233C5D1FC2C2290010D9DC /* iflyMSC.framework in Frameworks */ = {isa = PBXBuildFile; fileRef = E0233C5C1FC2C2290010D9DC /* iflyMSC.framework */; };
		E0233C5F1FC2C24E0010D9DC /* CoreLocation.framework in Frameworks */ = {isa = PBXBuildFile; fileRef = E0233C5E1FC2C24E0010D9DC /* CoreLocation.framework */; };
		E0233C611FC2C2570010D9DC /* CoreTelephony.framework in Frameworks */ = {isa = PBXBuildFile; fileRef = E0233C601FC2C2570010D9DC /* CoreTelephony.framework */; };
		E0233C631FC2C2600010D9DC /* AVFoundation.framework in Frameworks */ = {isa = PBXBuildFile; fileRef = E0233C621FC2C2600010D9DC /* AVFoundation.framework */; };
		E0233C651FC2C26C0010D9DC /* AddressBook.framework in Frameworks */ = {isa = PBXBuildFile; fileRef = E0233C641FC2C26C0010D9DC /* AddressBook.framework */; };
		E0233C671FC2C2750010D9DC /* Contacts.framework in Frameworks */ = {isa = PBXBuildFile; fileRef = E0233C661FC2C2750010D9DC /* Contacts.framework */; };
		E0233C691FC2C2860010D9DC /* AudioToolbox.framework in Frameworks */ = {isa = PBXBuildFile; fileRef = E0233C681FC2C2860010D9DC /* AudioToolbox.framework */; };
		E0233C6B1FC2C2910010D9DC /* SystemConfiguration.framework in Frameworks */ = {isa = PBXBuildFile; fileRef = E0233C6A1FC2C2910010D9DC /* SystemConfiguration.framework */; };
		E0233C6D1FC2C2990010D9DC /* QuartzCore.framework in Frameworks */ = {isa = PBXBuildFile; fileRef = E0233C6C1FC2C2980010D9DC /* QuartzCore.framework */; };
		E0233C6F1FC2C2A20010D9DC /* CoreGraphics.framework in Frameworks */ = {isa = PBXBuildFile; fileRef = E0233C6E1FC2C2A20010D9DC /* CoreGraphics.framework */; };
		E0233C731FC2E2770010D9DC /* QTSpeaker.m in Sources */ = {isa = PBXBuildFile; fileRef = E0233C721FC2E2770010D9DC /* QTSpeaker.m */; };
		E040F6A11FB15B5900CDA6B0 /* QTAvatarEditController.m in Sources */ = {isa = PBXBuildFile; fileRef = E040F67C1FB15B5900CDA6B0 /* QTAvatarEditController.m */; };
		E040F6A21FB15B5900CDA6B0 /* QTFeedbackController.m in Sources */ = {isa = PBXBuildFile; fileRef = E040F67E1FB15B5900CDA6B0 /* QTFeedbackController.m */; };
		E040F6A31FB15B5900CDA6B0 /* QTInfoController.m in Sources */ = {isa = PBXBuildFile; fileRef = E040F6801FB15B5900CDA6B0 /* QTInfoController.m */; };
		E040F6A41FB15B5900CDA6B0 /* QTInfoEditController.m in Sources */ = {isa = PBXBuildFile; fileRef = E040F6821FB15B5900CDA6B0 /* QTInfoEditController.m */; };
		E040F6A51FB15B5900CDA6B0 /* QTIntroController.m in Sources */ = {isa = PBXBuildFile; fileRef = E040F6841FB15B5900CDA6B0 /* QTIntroController.m */; };
		E040F6A61FB15B5900CDA6B0 /* QTSettingController.m in Sources */ = {isa = PBXBuildFile; fileRef = E040F6861FB15B5900CDA6B0 /* QTSettingController.m */; };
		E040F6A71FB15B5900CDA6B0 /* QTUserAgreementController.m in Sources */ = {isa = PBXBuildFile; fileRef = E040F6881FB15B5900CDA6B0 /* QTUserAgreementController.m */; };
		E040F6A81FB15B5900CDA6B0 /* QTMainViewController.m in Sources */ = {isa = PBXBuildFile; fileRef = E040F6921FB15B5900CDA6B0 /* QTMainViewController.m */; };
		E040F6A91FB15B5900CDA6B0 /* QTTopicController.m in Sources */ = {isa = PBXBuildFile; fileRef = E040F6941FB15B5900CDA6B0 /* QTTopicController.m */; };
		E040F6AA1FB15B5900CDA6B0 /* QTCommentModel.m in Sources */ = {isa = PBXBuildFile; fileRef = E040F6971FB15B5900CDA6B0 /* QTCommentModel.m */; };
		E040F6AB1FB15B5900CDA6B0 /* QTTopicModel.m in Sources */ = {isa = PBXBuildFile; fileRef = E040F6991FB15B5900CDA6B0 /* QTTopicModel.m */; };
		E040F6AC1FB15B5900CDA6B0 /* QTMainCell.m in Sources */ = {isa = PBXBuildFile; fileRef = E040F69C1FB15B5900CDA6B0 /* QTMainCell.m */; };
		E040F6AD1FB15B5900CDA6B0 /* QTTopicLeftCell.m in Sources */ = {isa = PBXBuildFile; fileRef = E040F69E1FB15B5900CDA6B0 /* QTTopicLeftCell.m */; };
		E040F6AE1FB15B5900CDA6B0 /* QTTopicRightCell.m in Sources */ = {isa = PBXBuildFile; fileRef = E040F6A01FB15B5900CDA6B0 /* QTTopicRightCell.m */; };
		E040F6B11FB15CB000CDA6B0 /* QTCircleController.m in Sources */ = {isa = PBXBuildFile; fileRef = E040F6B01FB15CB000CDA6B0 /* QTCircleController.m */; };
		E040F6B41FB179AB00CDA6B0 /* QTCircleCell.m in Sources */ = {isa = PBXBuildFile; fileRef = E040F6B31FB179AB00CDA6B0 /* QTCircleCell.m */; };
		E040F6B71FB1861D00CDA6B0 /* QTAddCircleController.m in Sources */ = {isa = PBXBuildFile; fileRef = E040F6B61FB1861D00CDA6B0 /* QTAddCircleController.m */; };
		E040F6BA1FB19B5A00CDA6B0 /* QTCircleModel.m in Sources */ = {isa = PBXBuildFile; fileRef = E040F6B91FB19B5A00CDA6B0 /* QTCircleModel.m */; };
		E040F6BD1FB1A9A400CDA6B0 /* QTMyController.m in Sources */ = {isa = PBXBuildFile; fileRef = E040F6BC1FB1A9A400CDA6B0 /* QTMyController.m */; };
		E045AD8F1FC3D8F100A16A40 /* QTTopicSpeaker.m in Sources */ = {isa = PBXBuildFile; fileRef = E045AD8E1FC3D8F100A16A40 /* QTTopicSpeaker.m */; };
		E045AD931FC417D800A16A40 /* QTCleaner.m in Sources */ = {isa = PBXBuildFile; fileRef = E045AD921FC417D800A16A40 /* QTCleaner.m */; };
		E0463BB41FAABB9B00849101 /* userAgreement.txt in Resources */ = {isa = PBXBuildFile; fileRef = E0463BB31FAABB9B00849101 /* userAgreement.txt */; };
		E04DF41B1F9EEEA000EFD1C6 /* EwenTextView.m in Sources */ = {isa = PBXBuildFile; fileRef = E04DF41A1F9EEEA000EFD1C6 /* EwenTextView.m */; };
		E068C7C71FBD29110045E930 /* QTExamineViewController.m in Sources */ = {isa = PBXBuildFile; fileRef = E068C7C61FBD29110045E930 /* QTExamineViewController.m */; };
		E07FF8C21FA1DD6300D7CE25 /* QTTipView.m in Sources */ = {isa = PBXBuildFile; fileRef = E07FF8C11FA1DD6300D7CE25 /* QTTipView.m */; };
		E081812C1F9995AD0035DEF4 /* Assets.xcassets in Resources */ = {isa = PBXBuildFile; fileRef = E08181291F9995AD0035DEF4 /* Assets.xcassets */; };
		E081812D1F9995AD0035DEF4 /* code.json in Resources */ = {isa = PBXBuildFile; fileRef = E081812A1F9995AD0035DEF4 /* code.json */; };
		E08181301F9996320035DEF4 /* LaunchScreen.storyboard in Resources */ = {isa = PBXBuildFile; fileRef = E081812F1F9996320035DEF4 /* LaunchScreen.storyboard */; };
		E08181331F99A01E0035DEF4 /* QTUserInfo.m in Sources */ = {isa = PBXBuildFile; fileRef = E08181321F99A01E0035DEF4 /* QTUserInfo.m */; };
		E084A91B1FB53FA400AE4AD2 /* QTErrorView.m in Sources */ = {isa = PBXBuildFile; fileRef = E084A91A1FB53FA400AE4AD2 /* QTErrorView.m */; };
		E084A91F1FB598A100AE4AD2 /* RBImagebrowse.m in Sources */ = {isa = PBXBuildFile; fileRef = E084A91E1FB598A100AE4AD2 /* RBImagebrowse.m */; };
		E084A9211FB5AA8500AE4AD2 /* image.js in Resources */ = {isa = PBXBuildFile; fileRef = E084A9201FB5AA8500AE4AD2 /* image.js */; };
		E08A64581FA97C5800317CE2 /* QTTabBarController.m in Sources */ = {isa = PBXBuildFile; fileRef = E08A64571FA97C5800317CE2 /* QTTabBarController.m */; };
		E08A64641FA9CABC00317CE2 /* NSString+Emoji.m in Sources */ = {isa = PBXBuildFile; fileRef = E08A64621FA9CABC00317CE2 /* NSString+Emoji.m */; };
		E09143C21FB4662F007D43D5 /* QTTopicContentController.m in Sources */ = {isa = PBXBuildFile; fileRef = E09143C11FB4662F007D43D5 /* QTTopicContentController.m */; };
		E09351781FA30EBE000687BC /* MOBFoundation.framework in Frameworks */ = {isa = PBXBuildFile; fileRef = E09351581FA30EBE000687BC /* MOBFoundation.framework */; };
		E09351791FA30EBE000687BC /* ShareSDK.framework in Frameworks */ = {isa = PBXBuildFile; fileRef = E09351591FA30EBE000687BC /* ShareSDK.framework */; };
		E093517A1FA30EBE000687BC /* ShareSDKConfigFile.bundle in Resources */ = {isa = PBXBuildFile; fileRef = E093515C1FA30EBE000687BC /* ShareSDKConfigFile.bundle */; };
		E093517B1FA30EBE000687BC /* ShareSDKConfigFile.framework in Frameworks */ = {isa = PBXBuildFile; fileRef = E093515D1FA30EBE000687BC /* ShareSDKConfigFile.framework */; };
		E093517C1FA30EBE000687BC /* ShareSDKExtension.framework in Frameworks */ = {isa = PBXBuildFile; fileRef = E093515E1FA30EBE000687BC /* ShareSDKExtension.framework */; };
		E093517D1FA30EBE000687BC /* ShareSDKUI.bundle in Resources */ = {isa = PBXBuildFile; fileRef = E093515F1FA30EBE000687BC /* ShareSDKUI.bundle */; };
		E093517E1FA30EBE000687BC /* ShareSDKUI.framework in Frameworks */ = {isa = PBXBuildFile; fileRef = E09351601FA30EBE000687BC /* ShareSDKUI.framework */; };
		E093517F1FA30EBE000687BC /* QQConnector.framework in Frameworks */ = {isa = PBXBuildFile; fileRef = E09351621FA30EBE000687BC /* QQConnector.framework */; };
		E09351801FA30EBE000687BC /* SinaWeiboConnector.framework in Frameworks */ = {isa = PBXBuildFile; fileRef = E09351631FA30EBE000687BC /* SinaWeiboConnector.framework */; };
		E09351811FA30EBE000687BC /* WechatConnector.framework in Frameworks */ = {isa = PBXBuildFile; fileRef = E09351641FA30EBE000687BC /* WechatConnector.framework */; };
		E09351821FA30EBE000687BC /* TencentOpenAPI.framework in Frameworks */ = {isa = PBXBuildFile; fileRef = E09351671FA30EBE000687BC /* TencentOpenAPI.framework */; };
		E09351831FA30EBE000687BC /* libWeiboSDK.a in Frameworks */ = {isa = PBXBuildFile; fileRef = E09351691FA30EBE000687BC /* libWeiboSDK.a */; };
		E09351841FA30EBE000687BC /* WeiboSDK.bundle in Resources */ = {isa = PBXBuildFile; fileRef = E093516D1FA30EBE000687BC /* WeiboSDK.bundle */; };
		E09351851FA30EBE000687BC /* libWeChatSDK.a in Frameworks */ = {isa = PBXBuildFile; fileRef = E09351701FA30EBE000687BC /* libWeChatSDK.a */; };
		E09351861FA30EBE000687BC /* README.txt in Resources */ = {isa = PBXBuildFile; fileRef = E09351711FA30EBE000687BC /* README.txt */; };
		E09351871FA30EBE000687BC /* ShareSDK.bundle in Resources */ = {isa = PBXBuildFile; fileRef = E09351761FA30EBE000687BC /* ShareSDK.bundle */; };
		E09351881FA30EBE000687BC /* ShareSDKConnector.framework in Frameworks */ = {isa = PBXBuildFile; fileRef = E09351771FA30EBE000687BC /* ShareSDKConnector.framework */; };
		E093518A1FA30F2F000687BC /* libicucore.tbd in Frameworks */ = {isa = PBXBuildFile; fileRef = E09351891FA30F2F000687BC /* libicucore.tbd */; };
		E093518C1FA30F3C000687BC /* libz.tbd in Frameworks */ = {isa = PBXBuildFile; fileRef = E093518B1FA30F3C000687BC /* libz.tbd */; };
		E093518E1FA30F45000687BC /* libstdc++.tbd in Frameworks */ = {isa = PBXBuildFile; fileRef = E093518D1FA30F45000687BC /* libstdc++.tbd */; };
		E09351901FA30F4D000687BC /* JavaScriptCore.framework in Frameworks */ = {isa = PBXBuildFile; fileRef = E093518F1FA30F4D000687BC /* JavaScriptCore.framework */; };
		E09351921FA30F55000687BC /* ImageIO.framework in Frameworks */ = {isa = PBXBuildFile; fileRef = E09351911FA30F55000687BC /* ImageIO.framework */; };
		E09351941FA30F5D000687BC /* libsqlite3.tbd in Frameworks */ = {isa = PBXBuildFile; fileRef = E09351931FA30F5D000687BC /* libsqlite3.tbd */; };
		E093519D1FA32DDC000687BC /* NSString+QuickTalk.m in Sources */ = {isa = PBXBuildFile; fileRef = E093519C1FA32DDC000687BC /* NSString+QuickTalk.m */; };
		E094BB5C1F95F76B00375AD8 /* QTPopoverView.m in Sources */ = {isa = PBXBuildFile; fileRef = E094BB5B1F95F76B00375AD8 /* QTPopoverView.m */; };
		E0972E8F1F9DA2F200033893 /* NSObject+Obj.m in Sources */ = {isa = PBXBuildFile; fileRef = E0972E8E1F9DA2F200033893 /* NSObject+Obj.m */; };
		E0A0F4A91FB2AD9E001242DF /* QTMyCell.m in Sources */ = {isa = PBXBuildFile; fileRef = E0A0F4A81FB2AD9E001242DF /* QTMyCell.m */; };
		E0A4FC841F98899D002ED580 /* Podfile in Resources */ = {isa = PBXBuildFile; fileRef = E0A4FC831F98899D002ED580 /* Podfile */; };
		E0DBAD1F1FAC13F2005B22A9 /* Reachability.m in Sources */ = {isa = PBXBuildFile; fileRef = E0DBAD1E1FAC13F2005B22A9 /* Reachability.m */; };
		E0DF28951F95A57E00F1B8C8 /* QuickTalkTests.m in Sources */ = {isa = PBXBuildFile; fileRef = E0DF28941F95A57E00F1B8C8 /* QuickTalkTests.m */; };
		E0DF28A01F95A57E00F1B8C8 /* QuickTalkUITests.m in Sources */ = {isa = PBXBuildFile; fileRef = E0DF289F1F95A57E00F1B8C8 /* QuickTalkUITests.m */; };
		E0DF28E91F95A81000F1B8C8 /* Tools.m in Sources */ = {isa = PBXBuildFile; fileRef = E0DF28B01F95A7CE00F1B8C8 /* Tools.m */; };
		E0DF28EA1F95A81000F1B8C8 /* UIButton+NetworkImage.m in Sources */ = {isa = PBXBuildFile; fileRef = E0DF28B21F95A7CE00F1B8C8 /* UIButton+NetworkImage.m */; };
		E0DF28EB1F95A81000F1B8C8 /* UIColor+Additions.m in Sources */ = {isa = PBXBuildFile; fileRef = E0DF28B41F95A7CE00F1B8C8 /* UIColor+Additions.m */; };
		E0DF28EC1F95A81000F1B8C8 /* UIImage+RBImage.m in Sources */ = {isa = PBXBuildFile; fileRef = E0DF28B61F95A7CE00F1B8C8 /* UIImage+RBImage.m */; };
		E0DF28ED1F95A81000F1B8C8 /* UIImageView+NetworkImage.m in Sources */ = {isa = PBXBuildFile; fileRef = E0DF28B81F95A7CE00F1B8C8 /* UIImageView+NetworkImage.m */; };
		E0DF28EE1F95A81000F1B8C8 /* QTMessage.m in Sources */ = {isa = PBXBuildFile; fileRef = E0DF28D71F95A7CE00F1B8C8 /* QTMessage.m */; };
		E0DF28EF1F95A81000F1B8C8 /* QTNavigationController.m in Sources */ = {isa = PBXBuildFile; fileRef = E0DF28DA1F95A7CE00F1B8C8 /* QTNavigationController.m */; };
		E0DF28F01F95A81000F1B8C8 /* QTProgressHUD.m in Sources */ = {isa = PBXBuildFile; fileRef = E0DF28DD1F95A7CE00F1B8C8 /* QTProgressHUD.m */; };
		E0DF28F11F95A81000F1B8C8 /* QTRefreshFooter.m in Sources */ = {isa = PBXBuildFile; fileRef = E0DF28E11F95A7CE00F1B8C8 /* QTRefreshFooter.m */; };
		E0DF28F21F95A81000F1B8C8 /* QTRefreshHeader.m in Sources */ = {isa = PBXBuildFile; fileRef = E0DF28E31F95A7CE00F1B8C8 /* QTRefreshHeader.m */; };
		E0DF28F31F95A81000F1B8C8 /* UIScrollView+QTRefresh.m in Sources */ = {isa = PBXBuildFile; fileRef = E0DF28E51F95A7CE00F1B8C8 /* UIScrollView+QTRefresh.m */; };
		E0DF28F41F95A81000F1B8C8 /* QTViewController.m in Sources */ = {isa = PBXBuildFile; fileRef = E0DF28E81F95A7CE00F1B8C8 /* QTViewController.m */; };
		E0DF28F51F95A81000F1B8C8 /* QTNetworkAgent.m in Sources */ = {isa = PBXBuildFile; fileRef = E0DF28C51F95A7CE00F1B8C8 /* QTNetworkAgent.m */; };
		E0DF28F61F95A81000F1B8C8 /* QTNetworking.m in Sources */ = {isa = PBXBuildFile; fileRef = E0DF28C71F95A7CE00F1B8C8 /* QTNetworking.m */; };
		E0DF28F71F95A81000F1B8C8 /* QTServiceCode.m in Sources */ = {isa = PBXBuildFile; fileRef = E0DF28C91F95A7CE00F1B8C8 /* QTServiceCode.m */; };
		E0DF28FB1F95A81000F1B8C8 /* AppDelegate.m in Sources */ = {isa = PBXBuildFile; fileRef = E0DF28CA1F95A7CE00F1B8C8 /* AppDelegate.m */; };
		E0DF28FC1F95AA8A00F1B8C8 /* main.m in Sources */ = {isa = PBXBuildFile; fileRef = E0DF28CD1F95A7CE00F1B8C8 /* main.m */; };
/* End PBXBuildFile section */

/* Begin PBXContainerItemProxy section */
		E0DF28911F95A57E00F1B8C8 /* PBXContainerItemProxy */ = {
			isa = PBXContainerItemProxy;
			containerPortal = E0DF28701F95A57E00F1B8C8 /* Project object */;
			proxyType = 1;
			remoteGlobalIDString = E0DF28771F95A57E00F1B8C8;
			remoteInfo = QuickTalk;
		};
		E0DF289C1F95A57E00F1B8C8 /* PBXContainerItemProxy */ = {
			isa = PBXContainerItemProxy;
			containerPortal = E0DF28701F95A57E00F1B8C8 /* Project object */;
			proxyType = 1;
			remoteGlobalIDString = E0DF28771F95A57E00F1B8C8;
			remoteInfo = QuickTalk;
		};
/* End PBXContainerItemProxy section */

/* Begin PBXFileReference section */
		0727663B0DB0D51C30CEC529 /* Pods-QuickTalk.release.xcconfig */ = {isa = PBXFileReference; includeInIndex = 1; lastKnownFileType = text.xcconfig; name = "Pods-QuickTalk.release.xcconfig"; path = "Pods/Target Support Files/Pods-QuickTalk/Pods-QuickTalk.release.xcconfig"; sourceTree = "<group>"; };
		504086E5F9003828E86F3DD3 /* libPods-QuickTalkUITests.a */ = {isa = PBXFileReference; explicitFileType = archive.ar; includeInIndex = 0; path = "libPods-QuickTalkUITests.a"; sourceTree = BUILT_PRODUCTS_DIR; };
		60C98B0683BCFE30FE1A6618 /* Pods-QuickTalkUITests.debug.xcconfig */ = {isa = PBXFileReference; includeInIndex = 1; lastKnownFileType = text.xcconfig; name = "Pods-QuickTalkUITests.debug.xcconfig"; path = "Pods/Target Support Files/Pods-QuickTalkUITests/Pods-QuickTalkUITests.debug.xcconfig"; sourceTree = "<group>"; };
		6CA9A69E981986721FEB1DB3 /* Pods-QuickTalkUITests.release.xcconfig */ = {isa = PBXFileReference; includeInIndex = 1; lastKnownFileType = text.xcconfig; name = "Pods-QuickTalkUITests.release.xcconfig"; path = "Pods/Target Support Files/Pods-QuickTalkUITests/Pods-QuickTalkUITests.release.xcconfig"; sourceTree = "<group>"; };
		91BA3A4F44478666E8D04BBA /* Pods-QuickTalkTests.release.xcconfig */ = {isa = PBXFileReference; includeInIndex = 1; lastKnownFileType = text.xcconfig; name = "Pods-QuickTalkTests.release.xcconfig"; path = "Pods/Target Support Files/Pods-QuickTalkTests/Pods-QuickTalkTests.release.xcconfig"; sourceTree = "<group>"; };
		9F7B92A8A525DBFE3C95710E /* Pods-QuickTalk.debug.xcconfig */ = {isa = PBXFileReference; includeInIndex = 1; lastKnownFileType = text.xcconfig; name = "Pods-QuickTalk.debug.xcconfig"; path = "Pods/Target Support Files/Pods-QuickTalk/Pods-QuickTalk.debug.xcconfig"; sourceTree = "<group>"; };
		AB233057C817F3134CB114FA /* libPods-QuickTalkTests.a */ = {isa = PBXFileReference; explicitFileType = archive.ar; includeInIndex = 0; path = "libPods-QuickTalkTests.a"; sourceTree = BUILT_PRODUCTS_DIR; };
		AF90E4BD216CF709CCA8E21A /* libPods-QuickTalk.a */ = {isa = PBXFileReference; explicitFileType = archive.ar; includeInIndex = 0; path = "libPods-QuickTalk.a"; sourceTree = BUILT_PRODUCTS_DIR; };
		E0233C5C1FC2C2290010D9DC /* iflyMSC.framework */ = {isa = PBXFileReference; lastKnownFileType = wrapper.framework; path = iflyMSC.framework; sourceTree = "<group>"; };
		E0233C5E1FC2C24E0010D9DC /* CoreLocation.framework */ = {isa = PBXFileReference; lastKnownFileType = wrapper.framework; name = CoreLocation.framework; path = System/Library/Frameworks/CoreLocation.framework; sourceTree = SDKROOT; };
		E0233C601FC2C2570010D9DC /* CoreTelephony.framework */ = {isa = PBXFileReference; lastKnownFileType = wrapper.framework; name = CoreTelephony.framework; path = System/Library/Frameworks/CoreTelephony.framework; sourceTree = SDKROOT; };
		E0233C621FC2C2600010D9DC /* AVFoundation.framework */ = {isa = PBXFileReference; lastKnownFileType = wrapper.framework; name = AVFoundation.framework; path = System/Library/Frameworks/AVFoundation.framework; sourceTree = SDKROOT; };
		E0233C641FC2C26C0010D9DC /* AddressBook.framework */ = {isa = PBXFileReference; lastKnownFileType = wrapper.framework; name = AddressBook.framework; path = System/Library/Frameworks/AddressBook.framework; sourceTree = SDKROOT; };
		E0233C661FC2C2750010D9DC /* Contacts.framework */ = {isa = PBXFileReference; lastKnownFileType = wrapper.framework; name = Contacts.framework; path = System/Library/Frameworks/Contacts.framework; sourceTree = SDKROOT; };
		E0233C681FC2C2860010D9DC /* AudioToolbox.framework */ = {isa = PBXFileReference; lastKnownFileType = wrapper.framework; name = AudioToolbox.framework; path = System/Library/Frameworks/AudioToolbox.framework; sourceTree = SDKROOT; };
		E0233C6A1FC2C2910010D9DC /* SystemConfiguration.framework */ = {isa = PBXFileReference; lastKnownFileType = wrapper.framework; name = SystemConfiguration.framework; path = System/Library/Frameworks/SystemConfiguration.framework; sourceTree = SDKROOT; };
		E0233C6C1FC2C2980010D9DC /* QuartzCore.framework */ = {isa = PBXFileReference; lastKnownFileType = wrapper.framework; name = QuartzCore.framework; path = System/Library/Frameworks/QuartzCore.framework; sourceTree = SDKROOT; };
		E0233C6E1FC2C2A20010D9DC /* CoreGraphics.framework */ = {isa = PBXFileReference; lastKnownFileType = wrapper.framework; name = CoreGraphics.framework; path = System/Library/Frameworks/CoreGraphics.framework; sourceTree = SDKROOT; };
		E0233C711FC2E2770010D9DC /* QTSpeaker.h */ = {isa = PBXFileReference; lastKnownFileType = sourcecode.c.h; path = QTSpeaker.h; sourceTree = "<group>"; };
		E0233C721FC2E2770010D9DC /* QTSpeaker.m */ = {isa = PBXFileReference; lastKnownFileType = sourcecode.c.objc; path = QTSpeaker.m; sourceTree = "<group>"; };
		E040F67B1FB15B5900CDA6B0 /* QTAvatarEditController.h */ = {isa = PBXFileReference; fileEncoding = 4; lastKnownFileType = sourcecode.c.h; path = QTAvatarEditController.h; sourceTree = "<group>"; };
		E040F67C1FB15B5900CDA6B0 /* QTAvatarEditController.m */ = {isa = PBXFileReference; fileEncoding = 4; lastKnownFileType = sourcecode.c.objc; path = QTAvatarEditController.m; sourceTree = "<group>"; };
		E040F67D1FB15B5900CDA6B0 /* QTFeedbackController.h */ = {isa = PBXFileReference; fileEncoding = 4; lastKnownFileType = sourcecode.c.h; path = QTFeedbackController.h; sourceTree = "<group>"; };
		E040F67E1FB15B5900CDA6B0 /* QTFeedbackController.m */ = {isa = PBXFileReference; fileEncoding = 4; lastKnownFileType = sourcecode.c.objc; path = QTFeedbackController.m; sourceTree = "<group>"; };
		E040F67F1FB15B5900CDA6B0 /* QTInfoController.h */ = {isa = PBXFileReference; fileEncoding = 4; lastKnownFileType = sourcecode.c.h; path = QTInfoController.h; sourceTree = "<group>"; };
		E040F6801FB15B5900CDA6B0 /* QTInfoController.m */ = {isa = PBXFileReference; fileEncoding = 4; lastKnownFileType = sourcecode.c.objc; path = QTInfoController.m; sourceTree = "<group>"; };
		E040F6811FB15B5900CDA6B0 /* QTInfoEditController.h */ = {isa = PBXFileReference; fileEncoding = 4; lastKnownFileType = sourcecode.c.h; path = QTInfoEditController.h; sourceTree = "<group>"; };
		E040F6821FB15B5900CDA6B0 /* QTInfoEditController.m */ = {isa = PBXFileReference; fileEncoding = 4; lastKnownFileType = sourcecode.c.objc; path = QTInfoEditController.m; sourceTree = "<group>"; };
		E040F6831FB15B5900CDA6B0 /* QTIntroController.h */ = {isa = PBXFileReference; fileEncoding = 4; lastKnownFileType = sourcecode.c.h; path = QTIntroController.h; sourceTree = "<group>"; };
		E040F6841FB15B5900CDA6B0 /* QTIntroController.m */ = {isa = PBXFileReference; fileEncoding = 4; lastKnownFileType = sourcecode.c.objc; path = QTIntroController.m; sourceTree = "<group>"; };
		E040F6851FB15B5900CDA6B0 /* QTSettingController.h */ = {isa = PBXFileReference; fileEncoding = 4; lastKnownFileType = sourcecode.c.h; path = QTSettingController.h; sourceTree = "<group>"; };
		E040F6861FB15B5900CDA6B0 /* QTSettingController.m */ = {isa = PBXFileReference; fileEncoding = 4; lastKnownFileType = sourcecode.c.objc; path = QTSettingController.m; sourceTree = "<group>"; };
		E040F6871FB15B5900CDA6B0 /* QTUserAgreementController.h */ = {isa = PBXFileReference; fileEncoding = 4; lastKnownFileType = sourcecode.c.h; path = QTUserAgreementController.h; sourceTree = "<group>"; };
		E040F6881FB15B5900CDA6B0 /* QTUserAgreementController.m */ = {isa = PBXFileReference; fileEncoding = 4; lastKnownFileType = sourcecode.c.objc; path = QTUserAgreementController.m; sourceTree = "<group>"; };
		E040F6911FB15B5900CDA6B0 /* QTMainViewController.h */ = {isa = PBXFileReference; fileEncoding = 4; lastKnownFileType = sourcecode.c.h; path = QTMainViewController.h; sourceTree = "<group>"; };
		E040F6921FB15B5900CDA6B0 /* QTMainViewController.m */ = {isa = PBXFileReference; fileEncoding = 4; lastKnownFileType = sourcecode.c.objc; path = QTMainViewController.m; sourceTree = "<group>"; };
		E040F6931FB15B5900CDA6B0 /* QTTopicController.h */ = {isa = PBXFileReference; fileEncoding = 4; lastKnownFileType = sourcecode.c.h; path = QTTopicController.h; sourceTree = "<group>"; };
		E040F6941FB15B5900CDA6B0 /* QTTopicController.m */ = {isa = PBXFileReference; fileEncoding = 4; lastKnownFileType = sourcecode.c.objc; path = QTTopicController.m; sourceTree = "<group>"; };
		E040F6961FB15B5900CDA6B0 /* QTCommentModel.h */ = {isa = PBXFileReference; fileEncoding = 4; lastKnownFileType = sourcecode.c.h; path = QTCommentModel.h; sourceTree = "<group>"; };
		E040F6971FB15B5900CDA6B0 /* QTCommentModel.m */ = {isa = PBXFileReference; fileEncoding = 4; lastKnownFileType = sourcecode.c.objc; path = QTCommentModel.m; sourceTree = "<group>"; };
		E040F6981FB15B5900CDA6B0 /* QTTopicModel.h */ = {isa = PBXFileReference; fileEncoding = 4; lastKnownFileType = sourcecode.c.h; path = QTTopicModel.h; sourceTree = "<group>"; };
		E040F6991FB15B5900CDA6B0 /* QTTopicModel.m */ = {isa = PBXFileReference; fileEncoding = 4; lastKnownFileType = sourcecode.c.objc; path = QTTopicModel.m; sourceTree = "<group>"; };
		E040F69B1FB15B5900CDA6B0 /* QTMainCell.h */ = {isa = PBXFileReference; fileEncoding = 4; lastKnownFileType = sourcecode.c.h; path = QTMainCell.h; sourceTree = "<group>"; };
		E040F69C1FB15B5900CDA6B0 /* QTMainCell.m */ = {isa = PBXFileReference; fileEncoding = 4; lastKnownFileType = sourcecode.c.objc; path = QTMainCell.m; sourceTree = "<group>"; };
		E040F69D1FB15B5900CDA6B0 /* QTTopicLeftCell.h */ = {isa = PBXFileReference; fileEncoding = 4; lastKnownFileType = sourcecode.c.h; path = QTTopicLeftCell.h; sourceTree = "<group>"; };
		E040F69E1FB15B5900CDA6B0 /* QTTopicLeftCell.m */ = {isa = PBXFileReference; fileEncoding = 4; lastKnownFileType = sourcecode.c.objc; path = QTTopicLeftCell.m; sourceTree = "<group>"; };
		E040F69F1FB15B5900CDA6B0 /* QTTopicRightCell.h */ = {isa = PBXFileReference; fileEncoding = 4; lastKnownFileType = sourcecode.c.h; path = QTTopicRightCell.h; sourceTree = "<group>"; };
		E040F6A01FB15B5900CDA6B0 /* QTTopicRightCell.m */ = {isa = PBXFileReference; fileEncoding = 4; lastKnownFileType = sourcecode.c.objc; path = QTTopicRightCell.m; sourceTree = "<group>"; };
		E040F6AF1FB15CB000CDA6B0 /* QTCircleController.h */ = {isa = PBXFileReference; lastKnownFileType = sourcecode.c.h; path = QTCircleController.h; sourceTree = "<group>"; };
		E040F6B01FB15CB000CDA6B0 /* QTCircleController.m */ = {isa = PBXFileReference; lastKnownFileType = sourcecode.c.objc; path = QTCircleController.m; sourceTree = "<group>"; };
		E040F6B21FB179AB00CDA6B0 /* QTCircleCell.h */ = {isa = PBXFileReference; lastKnownFileType = sourcecode.c.h; path = QTCircleCell.h; sourceTree = "<group>"; };
		E040F6B31FB179AB00CDA6B0 /* QTCircleCell.m */ = {isa = PBXFileReference; lastKnownFileType = sourcecode.c.objc; path = QTCircleCell.m; sourceTree = "<group>"; };
		E040F6B51FB1861D00CDA6B0 /* QTAddCircleController.h */ = {isa = PBXFileReference; lastKnownFileType = sourcecode.c.h; path = QTAddCircleController.h; sourceTree = "<group>"; };
		E040F6B61FB1861D00CDA6B0 /* QTAddCircleController.m */ = {isa = PBXFileReference; lastKnownFileType = sourcecode.c.objc; path = QTAddCircleController.m; sourceTree = "<group>"; };
		E040F6B81FB19B5A00CDA6B0 /* QTCircleModel.h */ = {isa = PBXFileReference; lastKnownFileType = sourcecode.c.h; path = QTCircleModel.h; sourceTree = "<group>"; };
		E040F6B91FB19B5A00CDA6B0 /* QTCircleModel.m */ = {isa = PBXFileReference; lastKnownFileType = sourcecode.c.objc; path = QTCircleModel.m; sourceTree = "<group>"; };
		E040F6BB1FB1A9A400CDA6B0 /* QTMyController.h */ = {isa = PBXFileReference; lastKnownFileType = sourcecode.c.h; path = QTMyController.h; sourceTree = "<group>"; };
		E040F6BC1FB1A9A400CDA6B0 /* QTMyController.m */ = {isa = PBXFileReference; lastKnownFileType = sourcecode.c.objc; path = QTMyController.m; sourceTree = "<group>"; };
		E045AD8D1FC3D8F100A16A40 /* QTTopicSpeaker.h */ = {isa = PBXFileReference; lastKnownFileType = sourcecode.c.h; path = QTTopicSpeaker.h; sourceTree = "<group>"; };
		E045AD8E1FC3D8F100A16A40 /* QTTopicSpeaker.m */ = {isa = PBXFileReference; lastKnownFileType = sourcecode.c.objc; path = QTTopicSpeaker.m; sourceTree = "<group>"; };
		E045AD911FC417D800A16A40 /* QTCleaner.h */ = {isa = PBXFileReference; lastKnownFileType = sourcecode.c.h; path = QTCleaner.h; sourceTree = "<group>"; };
		E045AD921FC417D800A16A40 /* QTCleaner.m */ = {isa = PBXFileReference; lastKnownFileType = sourcecode.c.objc; path = QTCleaner.m; sourceTree = "<group>"; };
		E0463BB31FAABB9B00849101 /* userAgreement.txt */ = {isa = PBXFileReference; fileEncoding = 4; lastKnownFileType = text; path = userAgreement.txt; sourceTree = "<group>"; };
		E04DF4191F9EEEA000EFD1C6 /* EwenTextView.h */ = {isa = PBXFileReference; fileEncoding = 4; lastKnownFileType = sourcecode.c.h; path = EwenTextView.h; sourceTree = "<group>"; };
		E04DF41A1F9EEEA000EFD1C6 /* EwenTextView.m */ = {isa = PBXFileReference; fileEncoding = 4; lastKnownFileType = sourcecode.c.objc; path = EwenTextView.m; sourceTree = "<group>"; };
		E068C7C51FBD29110045E930 /* QTExamineViewController.h */ = {isa = PBXFileReference; lastKnownFileType = sourcecode.c.h; name = QTExamineViewController.h; path = QuickTalk/QTExamineViewController.h; sourceTree = SOURCE_ROOT; };
		E068C7C61FBD29110045E930 /* QTExamineViewController.m */ = {isa = PBXFileReference; lastKnownFileType = sourcecode.c.objc; name = QTExamineViewController.m; path = QuickTalk/QTExamineViewController.m; sourceTree = SOURCE_ROOT; };
		E07FF8C01FA1DD6300D7CE25 /* QTTipView.h */ = {isa = PBXFileReference; lastKnownFileType = sourcecode.c.h; path = QTTipView.h; sourceTree = "<group>"; };
		E07FF8C11FA1DD6300D7CE25 /* QTTipView.m */ = {isa = PBXFileReference; lastKnownFileType = sourcecode.c.objc; path = QTTipView.m; sourceTree = "<group>"; };
		E08181291F9995AD0035DEF4 /* Assets.xcassets */ = {isa = PBXFileReference; lastKnownFileType = folder.assetcatalog; path = Assets.xcassets; sourceTree = "<group>"; };
		E081812A1F9995AD0035DEF4 /* code.json */ = {isa = PBXFileReference; fileEncoding = 4; lastKnownFileType = text.json; path = code.json; sourceTree = "<group>"; };
		E081812F1F9996320035DEF4 /* LaunchScreen.storyboard */ = {isa = PBXFileReference; fileEncoding = 4; lastKnownFileType = file.storyboard; path = LaunchScreen.storyboard; sourceTree = "<group>"; };
		E08181311F99A01E0035DEF4 /* QTUserInfo.h */ = {isa = PBXFileReference; lastKnownFileType = sourcecode.c.h; path = QTUserInfo.h; sourceTree = "<group>"; };
		E08181321F99A01E0035DEF4 /* QTUserInfo.m */ = {isa = PBXFileReference; lastKnownFileType = sourcecode.c.objc; path = QTUserInfo.m; sourceTree = "<group>"; };
		E084A9191FB53FA400AE4AD2 /* QTErrorView.h */ = {isa = PBXFileReference; lastKnownFileType = sourcecode.c.h; path = QTErrorView.h; sourceTree = "<group>"; };
		E084A91A1FB53FA400AE4AD2 /* QTErrorView.m */ = {isa = PBXFileReference; lastKnownFileType = sourcecode.c.objc; path = QTErrorView.m; sourceTree = "<group>"; };
		E084A91D1FB598A100AE4AD2 /* RBImagebrowse.h */ = {isa = PBXFileReference; fileEncoding = 4; lastKnownFileType = sourcecode.c.h; path = RBImagebrowse.h; sourceTree = "<group>"; };
		E084A91E1FB598A100AE4AD2 /* RBImagebrowse.m */ = {isa = PBXFileReference; fileEncoding = 4; lastKnownFileType = sourcecode.c.objc; path = RBImagebrowse.m; sourceTree = "<group>"; };
		E084A9201FB5AA8500AE4AD2 /* image.js */ = {isa = PBXFileReference; fileEncoding = 4; lastKnownFileType = sourcecode.javascript; path = image.js; sourceTree = "<group>"; };
		E08A64561FA97C5800317CE2 /* QTTabBarController.h */ = {isa = PBXFileReference; lastKnownFileType = sourcecode.c.h; path = QTTabBarController.h; sourceTree = "<group>"; };
		E08A64571FA97C5800317CE2 /* QTTabBarController.m */ = {isa = PBXFileReference; lastKnownFileType = sourcecode.c.objc; path = QTTabBarController.m; sourceTree = "<group>"; };
		E08A64621FA9CABC00317CE2 /* NSString+Emoji.m */ = {isa = PBXFileReference; fileEncoding = 4; lastKnownFileType = sourcecode.c.objc; path = "NSString+Emoji.m"; sourceTree = "<group>"; };
		E08A64631FA9CABC00317CE2 /* NSString+Emoji.h */ = {isa = PBXFileReference; fileEncoding = 4; lastKnownFileType = sourcecode.c.h; path = "NSString+Emoji.h"; sourceTree = "<group>"; };
		E09143C01FB4662F007D43D5 /* QTTopicContentController.h */ = {isa = PBXFileReference; lastKnownFileType = sourcecode.c.h; path = QTTopicContentController.h; sourceTree = "<group>"; };
		E09143C11FB4662F007D43D5 /* QTTopicContentController.m */ = {isa = PBXFileReference; lastKnownFileType = sourcecode.c.objc; path = QTTopicContentController.m; sourceTree = "<group>"; };
		E09351581FA30EBE000687BC /* MOBFoundation.framework */ = {isa = PBXFileReference; lastKnownFileType = wrapper.framework; path = MOBFoundation.framework; sourceTree = "<group>"; };
		E09351591FA30EBE000687BC /* ShareSDK.framework */ = {isa = PBXFileReference; lastKnownFileType = wrapper.framework; path = ShareSDK.framework; sourceTree = "<group>"; };
		E093515C1FA30EBE000687BC /* ShareSDKConfigFile.bundle */ = {isa = PBXFileReference; lastKnownFileType = "wrapper.plug-in"; path = ShareSDKConfigFile.bundle; sourceTree = "<group>"; };
		E093515D1FA30EBE000687BC /* ShareSDKConfigFile.framework */ = {isa = PBXFileReference; lastKnownFileType = wrapper.framework; path = ShareSDKConfigFile.framework; sourceTree = "<group>"; };
		E093515E1FA30EBE000687BC /* ShareSDKExtension.framework */ = {isa = PBXFileReference; lastKnownFileType = wrapper.framework; path = ShareSDKExtension.framework; sourceTree = "<group>"; };
		E093515F1FA30EBE000687BC /* ShareSDKUI.bundle */ = {isa = PBXFileReference; lastKnownFileType = "wrapper.plug-in"; path = ShareSDKUI.bundle; sourceTree = "<group>"; };
		E09351601FA30EBE000687BC /* ShareSDKUI.framework */ = {isa = PBXFileReference; lastKnownFileType = wrapper.framework; path = ShareSDKUI.framework; sourceTree = "<group>"; };
		E09351621FA30EBE000687BC /* QQConnector.framework */ = {isa = PBXFileReference; lastKnownFileType = wrapper.framework; path = QQConnector.framework; sourceTree = "<group>"; };
		E09351631FA30EBE000687BC /* SinaWeiboConnector.framework */ = {isa = PBXFileReference; lastKnownFileType = wrapper.framework; path = SinaWeiboConnector.framework; sourceTree = "<group>"; };
		E09351641FA30EBE000687BC /* WechatConnector.framework */ = {isa = PBXFileReference; lastKnownFileType = wrapper.framework; path = WechatConnector.framework; sourceTree = "<group>"; };
		E09351671FA30EBE000687BC /* TencentOpenAPI.framework */ = {isa = PBXFileReference; lastKnownFileType = wrapper.framework; path = TencentOpenAPI.framework; sourceTree = "<group>"; };
		E09351691FA30EBE000687BC /* libWeiboSDK.a */ = {isa = PBXFileReference; lastKnownFileType = archive.ar; path = libWeiboSDK.a; sourceTree = "<group>"; };
		E093516A1FA30EBE000687BC /* WBHttpRequest+WeiboToken.h */ = {isa = PBXFileReference; fileEncoding = 4; lastKnownFileType = sourcecode.c.h; path = "WBHttpRequest+WeiboToken.h"; sourceTree = "<group>"; };
		E093516B1FA30EBE000687BC /* WBHttpRequest.h */ = {isa = PBXFileReference; fileEncoding = 4; lastKnownFileType = sourcecode.c.h; path = WBHttpRequest.h; sourceTree = "<group>"; };
		E093516C1FA30EBE000687BC /* WeiboSDK+Statistics.h */ = {isa = PBXFileReference; fileEncoding = 4; lastKnownFileType = sourcecode.c.h; path = "WeiboSDK+Statistics.h"; sourceTree = "<group>"; };
		E093516D1FA30EBE000687BC /* WeiboSDK.bundle */ = {isa = PBXFileReference; lastKnownFileType = "wrapper.plug-in"; path = WeiboSDK.bundle; sourceTree = "<group>"; };
		E093516E1FA30EBE000687BC /* WeiboSDK.h */ = {isa = PBXFileReference; fileEncoding = 4; lastKnownFileType = sourcecode.c.h; path = WeiboSDK.h; sourceTree = "<group>"; };
		E09351701FA30EBE000687BC /* libWeChatSDK.a */ = {isa = PBXFileReference; lastKnownFileType = archive.ar; path = libWeChatSDK.a; sourceTree = "<group>"; };
		E09351711FA30EBE000687BC /* README.txt */ = {isa = PBXFileReference; fileEncoding = 4; lastKnownFileType = text; path = README.txt; sourceTree = "<group>"; };
		E09351721FA30EBE000687BC /* WechatAuthSDK.h */ = {isa = PBXFileReference; fileEncoding = 4; lastKnownFileType = sourcecode.c.h; path = WechatAuthSDK.h; sourceTree = "<group>"; };
		E09351731FA30EBE000687BC /* WXApi.h */ = {isa = PBXFileReference; fileEncoding = 4; lastKnownFileType = sourcecode.c.h; path = WXApi.h; sourceTree = "<group>"; };
		E09351741FA30EBE000687BC /* WXApiObject.h */ = {isa = PBXFileReference; fileEncoding = 4; lastKnownFileType = sourcecode.c.h; path = WXApiObject.h; sourceTree = "<group>"; };
		E09351761FA30EBE000687BC /* ShareSDK.bundle */ = {isa = PBXFileReference; lastKnownFileType = "wrapper.plug-in"; path = ShareSDK.bundle; sourceTree = "<group>"; };
		E09351771FA30EBE000687BC /* ShareSDKConnector.framework */ = {isa = PBXFileReference; lastKnownFileType = wrapper.framework; path = ShareSDKConnector.framework; sourceTree = "<group>"; };
		E09351891FA30F2F000687BC /* libicucore.tbd */ = {isa = PBXFileReference; lastKnownFileType = "sourcecode.text-based-dylib-definition"; name = libicucore.tbd; path = usr/lib/libicucore.tbd; sourceTree = SDKROOT; };
		E093518B1FA30F3C000687BC /* libz.tbd */ = {isa = PBXFileReference; lastKnownFileType = "sourcecode.text-based-dylib-definition"; name = libz.tbd; path = usr/lib/libz.tbd; sourceTree = SDKROOT; };
		E093518D1FA30F45000687BC /* libstdc++.tbd */ = {isa = PBXFileReference; lastKnownFileType = "sourcecode.text-based-dylib-definition"; name = "libstdc++.tbd"; path = "usr/lib/libstdc++.tbd"; sourceTree = SDKROOT; };
		E093518F1FA30F4D000687BC /* JavaScriptCore.framework */ = {isa = PBXFileReference; lastKnownFileType = wrapper.framework; name = JavaScriptCore.framework; path = System/Library/Frameworks/JavaScriptCore.framework; sourceTree = SDKROOT; };
		E09351911FA30F55000687BC /* ImageIO.framework */ = {isa = PBXFileReference; lastKnownFileType = wrapper.framework; name = ImageIO.framework; path = System/Library/Frameworks/ImageIO.framework; sourceTree = SDKROOT; };
		E09351931FA30F5D000687BC /* libsqlite3.tbd */ = {isa = PBXFileReference; lastKnownFileType = "sourcecode.text-based-dylib-definition"; name = libsqlite3.tbd; path = usr/lib/libsqlite3.tbd; sourceTree = SDKROOT; };
		E093519B1FA32DDC000687BC /* NSString+QuickTalk.h */ = {isa = PBXFileReference; lastKnownFileType = sourcecode.c.h; path = "NSString+QuickTalk.h"; sourceTree = "<group>"; };
		E093519C1FA32DDC000687BC /* NSString+QuickTalk.m */ = {isa = PBXFileReference; lastKnownFileType = sourcecode.c.objc; path = "NSString+QuickTalk.m"; sourceTree = "<group>"; };
		E094BB5A1F95F76B00375AD8 /* QTPopoverView.h */ = {isa = PBXFileReference; fileEncoding = 4; lastKnownFileType = sourcecode.c.h; path = QTPopoverView.h; sourceTree = "<group>"; };
		E094BB5B1F95F76B00375AD8 /* QTPopoverView.m */ = {isa = PBXFileReference; fileEncoding = 4; lastKnownFileType = sourcecode.c.objc; path = QTPopoverView.m; sourceTree = "<group>"; };
		E0972E8D1F9DA2F200033893 /* NSObject+Obj.h */ = {isa = PBXFileReference; lastKnownFileType = sourcecode.c.h; path = "NSObject+Obj.h"; sourceTree = "<group>"; };
		E0972E8E1F9DA2F200033893 /* NSObject+Obj.m */ = {isa = PBXFileReference; lastKnownFileType = sourcecode.c.objc; path = "NSObject+Obj.m"; sourceTree = "<group>"; };
		E0A0F4A71FB2AD9E001242DF /* QTMyCell.h */ = {isa = PBXFileReference; lastKnownFileType = sourcecode.c.h; path = QTMyCell.h; sourceTree = "<group>"; };
		E0A0F4A81FB2AD9E001242DF /* QTMyCell.m */ = {isa = PBXFileReference; lastKnownFileType = sourcecode.c.objc; path = QTMyCell.m; sourceTree = "<group>"; };
		E0A4FC831F98899D002ED580 /* Podfile */ = {isa = PBXFileReference; explicitFileType = text.script.ruby; path = Podfile; sourceTree = "<group>"; xcLanguageSpecificationIdentifier = xcode.lang.ruby; };
		E0DBAD1D1FAC13F2005B22A9 /* Reachability.h */ = {isa = PBXFileReference; fileEncoding = 4; lastKnownFileType = sourcecode.c.h; path = Reachability.h; sourceTree = "<group>"; };
		E0DBAD1E1FAC13F2005B22A9 /* Reachability.m */ = {isa = PBXFileReference; fileEncoding = 4; lastKnownFileType = sourcecode.c.objc; path = Reachability.m; sourceTree = "<group>"; };
		E0DF28781F95A57E00F1B8C8 /* QuickTalk.app */ = {isa = PBXFileReference; explicitFileType = wrapper.application; includeInIndex = 0; path = QuickTalk.app; sourceTree = BUILT_PRODUCTS_DIR; };
		E0DF28901F95A57E00F1B8C8 /* QuickTalkTests.xctest */ = {isa = PBXFileReference; explicitFileType = wrapper.cfbundle; includeInIndex = 0; path = QuickTalkTests.xctest; sourceTree = BUILT_PRODUCTS_DIR; };
		E0DF28941F95A57E00F1B8C8 /* QuickTalkTests.m */ = {isa = PBXFileReference; lastKnownFileType = sourcecode.c.objc; path = QuickTalkTests.m; sourceTree = "<group>"; };
		E0DF28961F95A57E00F1B8C8 /* Info.plist */ = {isa = PBXFileReference; lastKnownFileType = text.plist.xml; path = Info.plist; sourceTree = "<group>"; };
		E0DF289B1F95A57E00F1B8C8 /* QuickTalkUITests.xctest */ = {isa = PBXFileReference; explicitFileType = wrapper.cfbundle; includeInIndex = 0; path = QuickTalkUITests.xctest; sourceTree = BUILT_PRODUCTS_DIR; };
		E0DF289F1F95A57E00F1B8C8 /* QuickTalkUITests.m */ = {isa = PBXFileReference; lastKnownFileType = sourcecode.c.objc; path = QuickTalkUITests.m; sourceTree = "<group>"; };
		E0DF28A11F95A57E00F1B8C8 /* Info.plist */ = {isa = PBXFileReference; lastKnownFileType = text.plist.xml; path = Info.plist; sourceTree = "<group>"; };
		E0DF28AD1F95A7CE00F1B8C8 /* AppDelegate.h */ = {isa = PBXFileReference; lastKnownFileType = sourcecode.c.h; path = AppDelegate.h; sourceTree = "<group>"; };
		E0DF28AF1F95A7CE00F1B8C8 /* Tools.h */ = {isa = PBXFileReference; lastKnownFileType = sourcecode.c.h; path = Tools.h; sourceTree = "<group>"; };
		E0DF28B01F95A7CE00F1B8C8 /* Tools.m */ = {isa = PBXFileReference; lastKnownFileType = sourcecode.c.objc; path = Tools.m; sourceTree = "<group>"; };
		E0DF28B11F95A7CE00F1B8C8 /* UIButton+NetworkImage.h */ = {isa = PBXFileReference; lastKnownFileType = sourcecode.c.h; path = "UIButton+NetworkImage.h"; sourceTree = "<group>"; };
		E0DF28B21F95A7CE00F1B8C8 /* UIButton+NetworkImage.m */ = {isa = PBXFileReference; lastKnownFileType = sourcecode.c.objc; path = "UIButton+NetworkImage.m"; sourceTree = "<group>"; };
		E0DF28B31F95A7CE00F1B8C8 /* UIColor+Additions.h */ = {isa = PBXFileReference; lastKnownFileType = sourcecode.c.h; path = "UIColor+Additions.h"; sourceTree = "<group>"; };
		E0DF28B41F95A7CE00F1B8C8 /* UIColor+Additions.m */ = {isa = PBXFileReference; lastKnownFileType = sourcecode.c.objc; path = "UIColor+Additions.m"; sourceTree = "<group>"; };
		E0DF28B51F95A7CE00F1B8C8 /* UIImage+RBImage.h */ = {isa = PBXFileReference; lastKnownFileType = sourcecode.c.h; path = "UIImage+RBImage.h"; sourceTree = "<group>"; };
		E0DF28B61F95A7CE00F1B8C8 /* UIImage+RBImage.m */ = {isa = PBXFileReference; lastKnownFileType = sourcecode.c.objc; path = "UIImage+RBImage.m"; sourceTree = "<group>"; };
		E0DF28B71F95A7CE00F1B8C8 /* UIImageView+NetworkImage.h */ = {isa = PBXFileReference; lastKnownFileType = sourcecode.c.h; path = "UIImageView+NetworkImage.h"; sourceTree = "<group>"; };
		E0DF28B81F95A7CE00F1B8C8 /* UIImageView+NetworkImage.m */ = {isa = PBXFileReference; lastKnownFileType = sourcecode.c.objc; path = "UIImageView+NetworkImage.m"; sourceTree = "<group>"; };
		E0DF28C41F95A7CE00F1B8C8 /* QTNetworkAgent.h */ = {isa = PBXFileReference; lastKnownFileType = sourcecode.c.h; path = QTNetworkAgent.h; sourceTree = "<group>"; };
		E0DF28C51F95A7CE00F1B8C8 /* QTNetworkAgent.m */ = {isa = PBXFileReference; lastKnownFileType = sourcecode.c.objc; path = QTNetworkAgent.m; sourceTree = "<group>"; };
		E0DF28C61F95A7CE00F1B8C8 /* QTNetworking.h */ = {isa = PBXFileReference; lastKnownFileType = sourcecode.c.h; path = QTNetworking.h; sourceTree = "<group>"; };
		E0DF28C71F95A7CE00F1B8C8 /* QTNetworking.m */ = {isa = PBXFileReference; lastKnownFileType = sourcecode.c.objc; path = QTNetworking.m; sourceTree = "<group>"; };
		E0DF28C81F95A7CE00F1B8C8 /* QTServiceCode.h */ = {isa = PBXFileReference; lastKnownFileType = sourcecode.c.h; path = QTServiceCode.h; sourceTree = "<group>"; };
		E0DF28C91F95A7CE00F1B8C8 /* QTServiceCode.m */ = {isa = PBXFileReference; lastKnownFileType = sourcecode.c.objc; path = QTServiceCode.m; sourceTree = "<group>"; };
		E0DF28CA1F95A7CE00F1B8C8 /* AppDelegate.m */ = {isa = PBXFileReference; lastKnownFileType = sourcecode.c.objc; path = AppDelegate.m; sourceTree = "<group>"; };
		E0DF28CC1F95A7CE00F1B8C8 /* Info.plist */ = {isa = PBXFileReference; lastKnownFileType = text.plist.xml; path = Info.plist; sourceTree = "<group>"; };
		E0DF28CD1F95A7CE00F1B8C8 /* main.m */ = {isa = PBXFileReference; lastKnownFileType = sourcecode.c.objc; path = main.m; sourceTree = "<group>"; };
		E0DF28CE1F95A7CE00F1B8C8 /* QTMarcos.h */ = {isa = PBXFileReference; lastKnownFileType = sourcecode.c.h; path = QTMarcos.h; sourceTree = "<group>"; };
		E0DF28CF1F95A7CE00F1B8C8 /* QuickTalk-Prefix.pch */ = {isa = PBXFileReference; lastKnownFileType = sourcecode.c.h; path = "QuickTalk-Prefix.pch"; sourceTree = "<group>"; };
		E0DF28D61F95A7CE00F1B8C8 /* QTMessage.h */ = {isa = PBXFileReference; lastKnownFileType = sourcecode.c.h; path = QTMessage.h; sourceTree = "<group>"; };
		E0DF28D71F95A7CE00F1B8C8 /* QTMessage.m */ = {isa = PBXFileReference; lastKnownFileType = sourcecode.c.objc; path = QTMessage.m; sourceTree = "<group>"; };
		E0DF28D91F95A7CE00F1B8C8 /* QTNavigationController.h */ = {isa = PBXFileReference; lastKnownFileType = sourcecode.c.h; path = QTNavigationController.h; sourceTree = "<group>"; };
		E0DF28DA1F95A7CE00F1B8C8 /* QTNavigationController.m */ = {isa = PBXFileReference; lastKnownFileType = sourcecode.c.objc; path = QTNavigationController.m; sourceTree = "<group>"; };
		E0DF28DC1F95A7CE00F1B8C8 /* QTProgressHUD.h */ = {isa = PBXFileReference; lastKnownFileType = sourcecode.c.h; path = QTProgressHUD.h; sourceTree = "<group>"; };
		E0DF28DD1F95A7CE00F1B8C8 /* QTProgressHUD.m */ = {isa = PBXFileReference; lastKnownFileType = sourcecode.c.objc; path = QTProgressHUD.m; sourceTree = "<group>"; };
		E0DF28DF1F95A7CE00F1B8C8 /* QTRefresh.h */ = {isa = PBXFileReference; lastKnownFileType = sourcecode.c.h; path = QTRefresh.h; sourceTree = "<group>"; };
		E0DF28E01F95A7CE00F1B8C8 /* QTRefreshFooter.h */ = {isa = PBXFileReference; lastKnownFileType = sourcecode.c.h; path = QTRefreshFooter.h; sourceTree = "<group>"; };
		E0DF28E11F95A7CE00F1B8C8 /* QTRefreshFooter.m */ = {isa = PBXFileReference; lastKnownFileType = sourcecode.c.objc; path = QTRefreshFooter.m; sourceTree = "<group>"; };
		E0DF28E21F95A7CE00F1B8C8 /* QTRefreshHeader.h */ = {isa = PBXFileReference; lastKnownFileType = sourcecode.c.h; path = QTRefreshHeader.h; sourceTree = "<group>"; };
		E0DF28E31F95A7CE00F1B8C8 /* QTRefreshHeader.m */ = {isa = PBXFileReference; lastKnownFileType = sourcecode.c.objc; path = QTRefreshHeader.m; sourceTree = "<group>"; };
		E0DF28E41F95A7CE00F1B8C8 /* UIScrollView+QTRefresh.h */ = {isa = PBXFileReference; lastKnownFileType = sourcecode.c.h; path = "UIScrollView+QTRefresh.h"; sourceTree = "<group>"; };
		E0DF28E51F95A7CE00F1B8C8 /* UIScrollView+QTRefresh.m */ = {isa = PBXFileReference; lastKnownFileType = sourcecode.c.objc; path = "UIScrollView+QTRefresh.m"; sourceTree = "<group>"; };
		E0DF28E71F95A7CE00F1B8C8 /* QTViewController.h */ = {isa = PBXFileReference; lastKnownFileType = sourcecode.c.h; path = QTViewController.h; sourceTree = "<group>"; };
		E0DF28E81F95A7CE00F1B8C8 /* QTViewController.m */ = {isa = PBXFileReference; lastKnownFileType = sourcecode.c.objc; path = QTViewController.m; sourceTree = "<group>"; };
		E9E5648FB0E0649D84270A0D /* Pods-QuickTalkTests.debug.xcconfig */ = {isa = PBXFileReference; includeInIndex = 1; lastKnownFileType = text.xcconfig; name = "Pods-QuickTalkTests.debug.xcconfig"; path = "Pods/Target Support Files/Pods-QuickTalkTests/Pods-QuickTalkTests.debug.xcconfig"; sourceTree = "<group>"; };
/* End PBXFileReference section */

/* Begin PBXFrameworksBuildPhase section */
		E0DF28751F95A57E00F1B8C8 /* Frameworks */ = {
			isa = PBXFrameworksBuildPhase;
			buildActionMask = 2147483647;
			files = (
				E0233C6F1FC2C2A20010D9DC /* CoreGraphics.framework in Frameworks */,
				E0233C6D1FC2C2990010D9DC /* QuartzCore.framework in Frameworks */,
				E0233C6B1FC2C2910010D9DC /* SystemConfiguration.framework in Frameworks */,
				E0233C691FC2C2860010D9DC /* AudioToolbox.framework in Frameworks */,
				E0233C671FC2C2750010D9DC /* Contacts.framework in Frameworks */,
				E0233C651FC2C26C0010D9DC /* AddressBook.framework in Frameworks */,
				E0233C631FC2C2600010D9DC /* AVFoundation.framework in Frameworks */,
				E0233C611FC2C2570010D9DC /* CoreTelephony.framework in Frameworks */,
				E0233C5F1FC2C24E0010D9DC /* CoreLocation.framework in Frameworks */,
				E09351941FA30F5D000687BC /* libsqlite3.tbd in Frameworks */,
				E09351921FA30F55000687BC /* ImageIO.framework in Frameworks */,
				E09351901FA30F4D000687BC /* JavaScriptCore.framework in Frameworks */,
				E093518E1FA30F45000687BC /* libstdc++.tbd in Frameworks */,
				E093518C1FA30F3C000687BC /* libz.tbd in Frameworks */,
				E093518A1FA30F2F000687BC /* libicucore.tbd in Frameworks */,
				E09351791FA30EBE000687BC /* ShareSDK.framework in Frameworks */,
				E09351831FA30EBE000687BC /* libWeiboSDK.a in Frameworks */,
				E0233C5D1FC2C2290010D9DC /* iflyMSC.framework in Frameworks */,
				E09351851FA30EBE000687BC /* libWeChatSDK.a in Frameworks */,
				E093517E1FA30EBE000687BC /* ShareSDKUI.framework in Frameworks */,
				E09351781FA30EBE000687BC /* MOBFoundation.framework in Frameworks */,
				E093517C1FA30EBE000687BC /* ShareSDKExtension.framework in Frameworks */,
				E09351811FA30EBE000687BC /* WechatConnector.framework in Frameworks */,
				E09351821FA30EBE000687BC /* TencentOpenAPI.framework in Frameworks */,
				E09351801FA30EBE000687BC /* SinaWeiboConnector.framework in Frameworks */,
				E093517F1FA30EBE000687BC /* QQConnector.framework in Frameworks */,
				DF754F8F0360DE897706D94A /* libPods-QuickTalk.a in Frameworks */,
				E093517B1FA30EBE000687BC /* ShareSDKConfigFile.framework in Frameworks */,
				E09351881FA30EBE000687BC /* ShareSDKConnector.framework in Frameworks */,
			);
			runOnlyForDeploymentPostprocessing = 0;
		};
		E0DF288D1F95A57E00F1B8C8 /* Frameworks */ = {
			isa = PBXFrameworksBuildPhase;
			buildActionMask = 2147483647;
			files = (
				31180B312A8C5D32D7766EB4 /* libPods-QuickTalkTests.a in Frameworks */,
			);
			runOnlyForDeploymentPostprocessing = 0;
		};
		E0DF28981F95A57E00F1B8C8 /* Frameworks */ = {
			isa = PBXFrameworksBuildPhase;
			buildActionMask = 2147483647;
			files = (
				0077F6E3851B0E180BB65818 /* libPods-QuickTalkUITests.a in Frameworks */,
			);
			runOnlyForDeploymentPostprocessing = 0;
		};
/* End PBXFrameworksBuildPhase section */

/* Begin PBXGroup section */
		1DE7D1760355DF4F24DAED83 /* Frameworks */ = {
			isa = PBXGroup;
			children = (
				E0233C6E1FC2C2A20010D9DC /* CoreGraphics.framework */,
				E0233C6C1FC2C2980010D9DC /* QuartzCore.framework */,
				E0233C6A1FC2C2910010D9DC /* SystemConfiguration.framework */,
				E0233C681FC2C2860010D9DC /* AudioToolbox.framework */,
				E0233C661FC2C2750010D9DC /* Contacts.framework */,
				E0233C641FC2C26C0010D9DC /* AddressBook.framework */,
				E0233C621FC2C2600010D9DC /* AVFoundation.framework */,
				E0233C601FC2C2570010D9DC /* CoreTelephony.framework */,
				E0233C5E1FC2C24E0010D9DC /* CoreLocation.framework */,
				E09351931FA30F5D000687BC /* libsqlite3.tbd */,
				E09351911FA30F55000687BC /* ImageIO.framework */,
				E093518F1FA30F4D000687BC /* JavaScriptCore.framework */,
				E093518D1FA30F45000687BC /* libstdc++.tbd */,
				E093518B1FA30F3C000687BC /* libz.tbd */,
				E09351891FA30F2F000687BC /* libicucore.tbd */,
				AF90E4BD216CF709CCA8E21A /* libPods-QuickTalk.a */,
				AB233057C817F3134CB114FA /* libPods-QuickTalkTests.a */,
				504086E5F9003828E86F3DD3 /* libPods-QuickTalkUITests.a */,
			);
			name = Frameworks;
			sourceTree = "<group>";
		};
		54FC022EB6F35A908F5175AF /* Pods */ = {
			isa = PBXGroup;
			children = (
				9F7B92A8A525DBFE3C95710E /* Pods-QuickTalk.debug.xcconfig */,
				0727663B0DB0D51C30CEC529 /* Pods-QuickTalk.release.xcconfig */,
				E9E5648FB0E0649D84270A0D /* Pods-QuickTalkTests.debug.xcconfig */,
				91BA3A4F44478666E8D04BBA /* Pods-QuickTalkTests.release.xcconfig */,
				60C98B0683BCFE30FE1A6618 /* Pods-QuickTalkUITests.debug.xcconfig */,
				6CA9A69E981986721FEB1DB3 /* Pods-QuickTalkUITests.release.xcconfig */,
			);
			name = Pods;
			sourceTree = "<group>";
		};
		E0233C701FC2E1D80010D9DC /* Speaker */ = {
			isa = PBXGroup;
			children = (
				E0233C711FC2E2770010D9DC /* QTSpeaker.h */,
				E0233C721FC2E2770010D9DC /* QTSpeaker.m */,
			);
			path = Speaker;
			sourceTree = "<group>";
		};
		E040F6791FB15B5900CDA6B0 /* My */ = {
			isa = PBXGroup;
			children = (
				E040F67A1FB15B5900CDA6B0 /* Controller */,
				E040F6891FB15B5900CDA6B0 /* Model */,
				E040F68A1FB15B5900CDA6B0 /* View */,
			);
			path = My;
			sourceTree = "<group>";
		};
		E040F67A1FB15B5900CDA6B0 /* Controller */ = {
			isa = PBXGroup;
			children = (
				E040F6BB1FB1A9A400CDA6B0 /* QTMyController.h */,
				E040F6BC1FB1A9A400CDA6B0 /* QTMyController.m */,
				E040F67F1FB15B5900CDA6B0 /* QTInfoController.h */,
				E040F6801FB15B5900CDA6B0 /* QTInfoController.m */,
				E040F6851FB15B5900CDA6B0 /* QTSettingController.h */,
				E040F6861FB15B5900CDA6B0 /* QTSettingController.m */,
				E040F67B1FB15B5900CDA6B0 /* QTAvatarEditController.h */,
				E040F67C1FB15B5900CDA6B0 /* QTAvatarEditController.m */,
				E040F67D1FB15B5900CDA6B0 /* QTFeedbackController.h */,
				E040F67E1FB15B5900CDA6B0 /* QTFeedbackController.m */,
				E040F6811FB15B5900CDA6B0 /* QTInfoEditController.h */,
				E040F6821FB15B5900CDA6B0 /* QTInfoEditController.m */,
				E040F6831FB15B5900CDA6B0 /* QTIntroController.h */,
				E040F6841FB15B5900CDA6B0 /* QTIntroController.m */,
				E040F6871FB15B5900CDA6B0 /* QTUserAgreementController.h */,
				E040F6881FB15B5900CDA6B0 /* QTUserAgreementController.m */,
			);
			path = Controller;
			sourceTree = "<group>";
		};
		E040F6891FB15B5900CDA6B0 /* Model */ = {
			isa = PBXGroup;
			children = (
			);
			path = Model;
			sourceTree = "<group>";
		};
		E040F68A1FB15B5900CDA6B0 /* View */ = {
			isa = PBXGroup;
			children = (
				E0A0F4A71FB2AD9E001242DF /* QTMyCell.h */,
				E0A0F4A81FB2AD9E001242DF /* QTMyCell.m */,
			);
			path = View;
			sourceTree = "<group>";
		};
		E040F68B1FB15B5900CDA6B0 /* Circle */ = {
			isa = PBXGroup;
			children = (
				E040F68C1FB15B5900CDA6B0 /* Controller */,
				E040F68D1FB15B5900CDA6B0 /* Model */,
				E040F68E1FB15B5900CDA6B0 /* View */,
			);
			path = Circle;
			sourceTree = "<group>";
		};
		E040F68C1FB15B5900CDA6B0 /* Controller */ = {
			isa = PBXGroup;
			children = (
				E040F6AF1FB15CB000CDA6B0 /* QTCircleController.h */,
				E040F6B01FB15CB000CDA6B0 /* QTCircleController.m */,
				E040F6B51FB1861D00CDA6B0 /* QTAddCircleController.h */,
				E040F6B61FB1861D00CDA6B0 /* QTAddCircleController.m */,
			);
			path = Controller;
			sourceTree = "<group>";
		};
		E040F68D1FB15B5900CDA6B0 /* Model */ = {
			isa = PBXGroup;
			children = (
				E040F6B81FB19B5A00CDA6B0 /* QTCircleModel.h */,
				E040F6B91FB19B5A00CDA6B0 /* QTCircleModel.m */,
			);
			path = Model;
			sourceTree = "<group>";
		};
		E040F68E1FB15B5900CDA6B0 /* View */ = {
			isa = PBXGroup;
			children = (
				E040F6B21FB179AB00CDA6B0 /* QTCircleCell.h */,
				E040F6B31FB179AB00CDA6B0 /* QTCircleCell.m */,
			);
			path = View;
			sourceTree = "<group>";
		};
		E040F68F1FB15B5900CDA6B0 /* Home */ = {
			isa = PBXGroup;
			children = (
				E040F6901FB15B5900CDA6B0 /* Controller */,
				E040F6951FB15B5900CDA6B0 /* Model */,
				E040F69A1FB15B5900CDA6B0 /* View */,
			);
			path = Home;
			sourceTree = "<group>";
		};
		E040F6901FB15B5900CDA6B0 /* Controller */ = {
			isa = PBXGroup;
			children = (
				E040F6911FB15B5900CDA6B0 /* QTMainViewController.h */,
				E040F6921FB15B5900CDA6B0 /* QTMainViewController.m */,
				E040F6931FB15B5900CDA6B0 /* QTTopicController.h */,
				E040F6941FB15B5900CDA6B0 /* QTTopicController.m */,
				E09143C01FB4662F007D43D5 /* QTTopicContentController.h */,
				E09143C11FB4662F007D43D5 /* QTTopicContentController.m */,
				E045AD8D1FC3D8F100A16A40 /* QTTopicSpeaker.h */,
				E045AD8E1FC3D8F100A16A40 /* QTTopicSpeaker.m */,
			);
			path = Controller;
			sourceTree = "<group>";
		};
		E040F6951FB15B5900CDA6B0 /* Model */ = {
			isa = PBXGroup;
			children = (
				E040F6961FB15B5900CDA6B0 /* QTCommentModel.h */,
				E040F6971FB15B5900CDA6B0 /* QTCommentModel.m */,
				E040F6981FB15B5900CDA6B0 /* QTTopicModel.h */,
				E040F6991FB15B5900CDA6B0 /* QTTopicModel.m */,
			);
			path = Model;
			sourceTree = "<group>";
		};
		E040F69A1FB15B5900CDA6B0 /* View */ = {
			isa = PBXGroup;
			children = (
				E040F69B1FB15B5900CDA6B0 /* QTMainCell.h */,
				E040F69C1FB15B5900CDA6B0 /* QTMainCell.m */,
				E040F69D1FB15B5900CDA6B0 /* QTTopicLeftCell.h */,
				E040F69E1FB15B5900CDA6B0 /* QTTopicLeftCell.m */,
				E040F69F1FB15B5900CDA6B0 /* QTTopicRightCell.h */,
				E040F6A01FB15B5900CDA6B0 /* QTTopicRightCell.m */,
			);
			path = View;
			sourceTree = "<group>";
		};
		E045AD901FC417C500A16A40 /* Cleaner */ = {
			isa = PBXGroup;
			children = (
				E045AD911FC417D800A16A40 /* QTCleaner.h */,
				E045AD921FC417D800A16A40 /* QTCleaner.m */,
			);
			path = Cleaner;
			sourceTree = "<group>";
		};
		E04DF4181F9EEEA000EFD1C6 /* EwenTextView */ = {
			isa = PBXGroup;
			children = (
				E04DF4191F9EEEA000EFD1C6 /* EwenTextView.h */,
				E04DF41A1F9EEEA000EFD1C6 /* EwenTextView.m */,
			);
			path = EwenTextView;
			sourceTree = "<group>";
		};
		E07FF8BF1FA1DD4D00D7CE25 /* QTTipView */ = {
			isa = PBXGroup;
			children = (
				E07FF8C01FA1DD6300D7CE25 /* QTTipView.h */,
				E07FF8C11FA1DD6300D7CE25 /* QTTipView.m */,
			);
			path = QTTipView;
			sourceTree = "<group>";
		};
		E08181281F9995AD0035DEF4 /* Resources */ = {
			isa = PBXGroup;
			children = (
				E0463BB31FAABB9B00849101 /* userAgreement.txt */,
				E081812F1F9996320035DEF4 /* LaunchScreen.storyboard */,
				E08181291F9995AD0035DEF4 /* Assets.xcassets */,
				E081812A1F9995AD0035DEF4 /* code.json */,
				E084A9201FB5AA8500AE4AD2 /* image.js */,
			);
			path = Resources;
			sourceTree = "<group>";
		};
		E084A9181FB53F9300AE4AD2 /* QTErrorView */ = {
			isa = PBXGroup;
			children = (
				E084A9191FB53FA400AE4AD2 /* QTErrorView.h */,
				E084A91A1FB53FA400AE4AD2 /* QTErrorView.m */,
			);
			path = QTErrorView;
			sourceTree = "<group>";
		};
		E084A91C1FB598A100AE4AD2 /* RBImagebrowse */ = {
			isa = PBXGroup;
			children = (
				E084A91D1FB598A100AE4AD2 /* RBImagebrowse.h */,
				E084A91E1FB598A100AE4AD2 /* RBImagebrowse.m */,
			);
			path = RBImagebrowse;
			sourceTree = "<group>";
		};
		E09351571FA30EBE000687BC /* ShareSDK */ = {
			isa = PBXGroup;
			children = (
				E09351581FA30EBE000687BC /* MOBFoundation.framework */,
				E09351591FA30EBE000687BC /* ShareSDK.framework */,
				E093515A1FA30EBE000687BC /* Support */,
			);
			path = ShareSDK;
			sourceTree = "<group>";
		};
		E093515A1FA30EBE000687BC /* Support */ = {
			isa = PBXGroup;
			children = (
				E093515B1FA30EBE000687BC /* Optional */,
				E09351611FA30EBE000687BC /* PlatformConnector */,
				E09351651FA30EBE000687BC /* PlatformSDK */,
				E09351751FA30EBE000687BC /* Required */,
			);
			path = Support;
			sourceTree = "<group>";
		};
		E093515B1FA30EBE000687BC /* Optional */ = {
			isa = PBXGroup;
			children = (
				E093515C1FA30EBE000687BC /* ShareSDKConfigFile.bundle */,
				E093515D1FA30EBE000687BC /* ShareSDKConfigFile.framework */,
				E093515E1FA30EBE000687BC /* ShareSDKExtension.framework */,
				E093515F1FA30EBE000687BC /* ShareSDKUI.bundle */,
				E09351601FA30EBE000687BC /* ShareSDKUI.framework */,
			);
			path = Optional;
			sourceTree = "<group>";
		};
		E09351611FA30EBE000687BC /* PlatformConnector */ = {
			isa = PBXGroup;
			children = (
				E09351621FA30EBE000687BC /* QQConnector.framework */,
				E09351631FA30EBE000687BC /* SinaWeiboConnector.framework */,
				E09351641FA30EBE000687BC /* WechatConnector.framework */,
			);
			path = PlatformConnector;
			sourceTree = "<group>";
		};
		E09351651FA30EBE000687BC /* PlatformSDK */ = {
			isa = PBXGroup;
			children = (
				E09351661FA30EBE000687BC /* QQSDK */,
				E09351681FA30EBE000687BC /* SinaWeiboSDK */,
				E093516F1FA30EBE000687BC /* WeChatSDK */,
			);
			path = PlatformSDK;
			sourceTree = "<group>";
		};
		E09351661FA30EBE000687BC /* QQSDK */ = {
			isa = PBXGroup;
			children = (
				E09351671FA30EBE000687BC /* TencentOpenAPI.framework */,
			);
			path = QQSDK;
			sourceTree = "<group>";
		};
		E09351681FA30EBE000687BC /* SinaWeiboSDK */ = {
			isa = PBXGroup;
			children = (
				E09351691FA30EBE000687BC /* libWeiboSDK.a */,
				E093516A1FA30EBE000687BC /* WBHttpRequest+WeiboToken.h */,
				E093516B1FA30EBE000687BC /* WBHttpRequest.h */,
				E093516C1FA30EBE000687BC /* WeiboSDK+Statistics.h */,
				E093516D1FA30EBE000687BC /* WeiboSDK.bundle */,
				E093516E1FA30EBE000687BC /* WeiboSDK.h */,
			);
			path = SinaWeiboSDK;
			sourceTree = "<group>";
		};
		E093516F1FA30EBE000687BC /* WeChatSDK */ = {
			isa = PBXGroup;
			children = (
				E09351701FA30EBE000687BC /* libWeChatSDK.a */,
				E09351711FA30EBE000687BC /* README.txt */,
				E09351721FA30EBE000687BC /* WechatAuthSDK.h */,
				E09351731FA30EBE000687BC /* WXApi.h */,
				E09351741FA30EBE000687BC /* WXApiObject.h */,
			);
			path = WeChatSDK;
			sourceTree = "<group>";
		};
		E09351751FA30EBE000687BC /* Required */ = {
			isa = PBXGroup;
			children = (
				E09351761FA30EBE000687BC /* ShareSDK.bundle */,
				E09351771FA30EBE000687BC /* ShareSDKConnector.framework */,
			);
			path = Required;
			sourceTree = "<group>";
		};
		E094BB591F95F76B00375AD8 /* QTPopoverView */ = {
			isa = PBXGroup;
			children = (
				E094BB5A1F95F76B00375AD8 /* QTPopoverView.h */,
				E094BB5B1F95F76B00375AD8 /* QTPopoverView.m */,
			);
			path = QTPopoverView;
			sourceTree = "<group>";
		};
		E0DBAD1C1FAC13F2005B22A9 /* Reachability */ = {
			isa = PBXGroup;
			children = (
				E0DBAD1D1FAC13F2005B22A9 /* Reachability.h */,
				E0DBAD1E1FAC13F2005B22A9 /* Reachability.m */,
			);
			path = Reachability;
			sourceTree = "<group>";
		};
		E0DF286F1F95A57E00F1B8C8 = {
			isa = PBXGroup;
			children = (
				E0DF287A1F95A57E00F1B8C8 /* QuickTalk */,
				E0DF28931F95A57E00F1B8C8 /* QuickTalkTests */,
				E0DF289E1F95A57E00F1B8C8 /* QuickTalkUITests */,
				E0DF28791F95A57E00F1B8C8 /* Products */,
				54FC022EB6F35A908F5175AF /* Pods */,
				1DE7D1760355DF4F24DAED83 /* Frameworks */,
			);
			sourceTree = "<group>";
		};
		E0DF28791F95A57E00F1B8C8 /* Products */ = {
			isa = PBXGroup;
			children = (
				E0DF28781F95A57E00F1B8C8 /* QuickTalk.app */,
				E0DF28901F95A57E00F1B8C8 /* QuickTalkTests.xctest */,
				E0DF289B1F95A57E00F1B8C8 /* QuickTalkUITests.xctest */,
			);
			name = Products;
			sourceTree = "<group>";
		};
		E0DF287A1F95A57E00F1B8C8 /* QuickTalk */ = {
			isa = PBXGroup;
			children = (
				E08181281F9995AD0035DEF4 /* Resources */,
				E0DF28C11F95A7CE00F1B8C8 /* 3rd */,
				E0DF28AE1F95A7CE00F1B8C8 /* Util */,
				E0DF28D41F95A7CE00F1B8C8 /* Components */,
				E0DF28C21F95A7CE00F1B8C8 /* Modules */,
				E0DF28B91F95A7CE00F1B8C8 /* Services */,
				E0DF28CB1F95A7CE00F1B8C8 /* SupportingFiles */,
				E0DF28AD1F95A7CE00F1B8C8 /* AppDelegate.h */,
				E0DF28CA1F95A7CE00F1B8C8 /* AppDelegate.m */,
				E08A64561FA97C5800317CE2 /* QTTabBarController.h */,
				E08A64571FA97C5800317CE2 /* QTTabBarController.m */,
				E068C7C51FBD29110045E930 /* QTExamineViewController.h */,
				E068C7C61FBD29110045E930 /* QTExamineViewController.m */,
				E0A4FC831F98899D002ED580 /* Podfile */,
			);
			path = QuickTalk;
			sourceTree = "<group>";
		};
		E0DF28931F95A57E00F1B8C8 /* QuickTalkTests */ = {
			isa = PBXGroup;
			children = (
				E0DF28941F95A57E00F1B8C8 /* QuickTalkTests.m */,
				E0DF28961F95A57E00F1B8C8 /* Info.plist */,
			);
			path = QuickTalkTests;
			sourceTree = "<group>";
		};
		E0DF289E1F95A57E00F1B8C8 /* QuickTalkUITests */ = {
			isa = PBXGroup;
			children = (
				E0DF289F1F95A57E00F1B8C8 /* QuickTalkUITests.m */,
				E0DF28A11F95A57E00F1B8C8 /* Info.plist */,
			);
			path = QuickTalkUITests;
			sourceTree = "<group>";
		};
		E0DF28AE1F95A7CE00F1B8C8 /* Util */ = {
			isa = PBXGroup;
			children = (
				E0DF28AF1F95A7CE00F1B8C8 /* Tools.h */,
				E0DF28B01F95A7CE00F1B8C8 /* Tools.m */,
				E0DF28B11F95A7CE00F1B8C8 /* UIButton+NetworkImage.h */,
				E0DF28B21F95A7CE00F1B8C8 /* UIButton+NetworkImage.m */,
				E0DF28B31F95A7CE00F1B8C8 /* UIColor+Additions.h */,
				E0DF28B41F95A7CE00F1B8C8 /* UIColor+Additions.m */,
				E0DF28B51F95A7CE00F1B8C8 /* UIImage+RBImage.h */,
				E0DF28B61F95A7CE00F1B8C8 /* UIImage+RBImage.m */,
				E0DF28B71F95A7CE00F1B8C8 /* UIImageView+NetworkImage.h */,
				E0DF28B81F95A7CE00F1B8C8 /* UIImageView+NetworkImage.m */,
				E0972E8D1F9DA2F200033893 /* NSObject+Obj.h */,
				E0972E8E1F9DA2F200033893 /* NSObject+Obj.m */,
				E08A64631FA9CABC00317CE2 /* NSString+Emoji.h */,
				E08A64621FA9CABC00317CE2 /* NSString+Emoji.m */,
				E093519B1FA32DDC000687BC /* NSString+QuickTalk.h */,
				E093519C1FA32DDC000687BC /* NSString+QuickTalk.m */,
			);
			path = Util;
			sourceTree = "<group>";
		};
		E0DF28B91F95A7CE00F1B8C8 /* Services */ = {
			isa = PBXGroup;
			children = (
				E040F68F1FB15B5900CDA6B0 /* Home */,
				E040F68B1FB15B5900CDA6B0 /* Circle */,
				E040F6791FB15B5900CDA6B0 /* My */,
				E08181311F99A01E0035DEF4 /* QTUserInfo.h */,
				E08181321F99A01E0035DEF4 /* QTUserInfo.m */,
			);
			path = Services;
			sourceTree = "<group>";
		};
		E0DF28C11F95A7CE00F1B8C8 /* 3rd */ = {
			isa = PBXGroup;
			children = (
				E0233C5C1FC2C2290010D9DC /* iflyMSC.framework */,
				E09351571FA30EBE000687BC /* ShareSDK */,
			);
			path = 3rd;
			sourceTree = "<group>";
		};
		E0DF28C21F95A7CE00F1B8C8 /* Modules */ = {
			isa = PBXGroup;
			children = (
				E045AD901FC417C500A16A40 /* Cleaner */,
				E0233C701FC2E1D80010D9DC /* Speaker */,
				E0DBAD1C1FAC13F2005B22A9 /* Reachability */,
				E0DF28C31F95A7CE00F1B8C8 /* Networking */,
				E0DF28C81F95A7CE00F1B8C8 /* QTServiceCode.h */,
				E0DF28C91F95A7CE00F1B8C8 /* QTServiceCode.m */,
			);
			path = Modules;
			sourceTree = "<group>";
		};
		E0DF28C31F95A7CE00F1B8C8 /* Networking */ = {
			isa = PBXGroup;
			children = (
				E0DF28C41F95A7CE00F1B8C8 /* QTNetworkAgent.h */,
				E0DF28C51F95A7CE00F1B8C8 /* QTNetworkAgent.m */,
				E0DF28C61F95A7CE00F1B8C8 /* QTNetworking.h */,
				E0DF28C71F95A7CE00F1B8C8 /* QTNetworking.m */,
			);
			path = Networking;
			sourceTree = "<group>";
		};
		E0DF28CB1F95A7CE00F1B8C8 /* SupportingFiles */ = {
			isa = PBXGroup;
			children = (
				E0DF28CC1F95A7CE00F1B8C8 /* Info.plist */,
				E0DF28CD1F95A7CE00F1B8C8 /* main.m */,
				E0DF28CE1F95A7CE00F1B8C8 /* QTMarcos.h */,
				E0DF28CF1F95A7CE00F1B8C8 /* QuickTalk-Prefix.pch */,
			);
			path = SupportingFiles;
			sourceTree = "<group>";
		};
		E0DF28D41F95A7CE00F1B8C8 /* Components */ = {
			isa = PBXGroup;
			children = (
				E084A91C1FB598A100AE4AD2 /* RBImagebrowse */,
				E084A9181FB53F9300AE4AD2 /* QTErrorView */,
				E07FF8BF1FA1DD4D00D7CE25 /* QTTipView */,
				E04DF4181F9EEEA000EFD1C6 /* EwenTextView */,
				E094BB591F95F76B00375AD8 /* QTPopoverView */,
				E0DF28D51F95A7CE00F1B8C8 /* QTMessage */,
				E0DF28D81F95A7CE00F1B8C8 /* QTNavigationController */,
				E0DF28DB1F95A7CE00F1B8C8 /* QTProgressHUD */,
				E0DF28DE1F95A7CE00F1B8C8 /* QTRefresh */,
				E0DF28E61F95A7CE00F1B8C8 /* QTViewController */,
			);
			path = Components;
			sourceTree = "<group>";
		};
		E0DF28D51F95A7CE00F1B8C8 /* QTMessage */ = {
			isa = PBXGroup;
			children = (
				E0DF28D61F95A7CE00F1B8C8 /* QTMessage.h */,
				E0DF28D71F95A7CE00F1B8C8 /* QTMessage.m */,
			);
			path = QTMessage;
			sourceTree = "<group>";
		};
		E0DF28D81F95A7CE00F1B8C8 /* QTNavigationController */ = {
			isa = PBXGroup;
			children = (
				E0DF28D91F95A7CE00F1B8C8 /* QTNavigationController.h */,
				E0DF28DA1F95A7CE00F1B8C8 /* QTNavigationController.m */,
			);
			path = QTNavigationController;
			sourceTree = "<group>";
		};
		E0DF28DB1F95A7CE00F1B8C8 /* QTProgressHUD */ = {
			isa = PBXGroup;
			children = (
				E0DF28DC1F95A7CE00F1B8C8 /* QTProgressHUD.h */,
				E0DF28DD1F95A7CE00F1B8C8 /* QTProgressHUD.m */,
			);
			path = QTProgressHUD;
			sourceTree = "<group>";
		};
		E0DF28DE1F95A7CE00F1B8C8 /* QTRefresh */ = {
			isa = PBXGroup;
			children = (
				E0DF28DF1F95A7CE00F1B8C8 /* QTRefresh.h */,
				E0DF28E01F95A7CE00F1B8C8 /* QTRefreshFooter.h */,
				E0DF28E11F95A7CE00F1B8C8 /* QTRefreshFooter.m */,
				E0DF28E21F95A7CE00F1B8C8 /* QTRefreshHeader.h */,
				E0DF28E31F95A7CE00F1B8C8 /* QTRefreshHeader.m */,
				E0DF28E41F95A7CE00F1B8C8 /* UIScrollView+QTRefresh.h */,
				E0DF28E51F95A7CE00F1B8C8 /* UIScrollView+QTRefresh.m */,
			);
			path = QTRefresh;
			sourceTree = "<group>";
		};
		E0DF28E61F95A7CE00F1B8C8 /* QTViewController */ = {
			isa = PBXGroup;
			children = (
				E0DF28E71F95A7CE00F1B8C8 /* QTViewController.h */,
				E0DF28E81F95A7CE00F1B8C8 /* QTViewController.m */,
			);
			path = QTViewController;
			sourceTree = "<group>";
		};
/* End PBXGroup section */

/* Begin PBXNativeTarget section */
		E0DF28771F95A57E00F1B8C8 /* QuickTalk */ = {
			isa = PBXNativeTarget;
			buildConfigurationList = E0DF28A41F95A57E00F1B8C8 /* Build configuration list for PBXNativeTarget "QuickTalk" */;
			buildPhases = (
				0753BB94833051CF00FD90B6 /* [CP] Check Pods Manifest.lock */,
				E0DF28741F95A57E00F1B8C8 /* Sources */,
				E0DF28751F95A57E00F1B8C8 /* Frameworks */,
				E0DF28761F95A57E00F1B8C8 /* Resources */,
				1956FFA4858F18887182680D /* [CP] Embed Pods Frameworks */,
				5893D1BB51CB940A19BFBBB1 /* [CP] Copy Pods Resources */,
			);
			buildRules = (
			);
			dependencies = (
			);
			name = QuickTalk;
			productName = QuickTalk;
			productReference = E0DF28781F95A57E00F1B8C8 /* QuickTalk.app */;
			productType = "com.apple.product-type.application";
		};
		E0DF288F1F95A57E00F1B8C8 /* QuickTalkTests */ = {
			isa = PBXNativeTarget;
			buildConfigurationList = E0DF28A71F95A57E00F1B8C8 /* Build configuration list for PBXNativeTarget "QuickTalkTests" */;
			buildPhases = (
				A4D5608BCA47BFB93792F00D /* [CP] Check Pods Manifest.lock */,
				E0DF288C1F95A57E00F1B8C8 /* Sources */,
				E0DF288D1F95A57E00F1B8C8 /* Frameworks */,
				E0DF288E1F95A57E00F1B8C8 /* Resources */,
				7A7C01223ABD3F2EC0143786 /* [CP] Embed Pods Frameworks */,
				28582B0CA28F5783D2C6DC76 /* [CP] Copy Pods Resources */,
			);
			buildRules = (
			);
			dependencies = (
				E0DF28921F95A57E00F1B8C8 /* PBXTargetDependency */,
			);
			name = QuickTalkTests;
			productName = QuickTalkTests;
			productReference = E0DF28901F95A57E00F1B8C8 /* QuickTalkTests.xctest */;
			productType = "com.apple.product-type.bundle.unit-test";
		};
		E0DF289A1F95A57E00F1B8C8 /* QuickTalkUITests */ = {
			isa = PBXNativeTarget;
			buildConfigurationList = E0DF28AA1F95A57E00F1B8C8 /* Build configuration list for PBXNativeTarget "QuickTalkUITests" */;
			buildPhases = (
				68A88FA2C52B75772F63AB58 /* [CP] Check Pods Manifest.lock */,
				E0DF28971F95A57E00F1B8C8 /* Sources */,
				E0DF28981F95A57E00F1B8C8 /* Frameworks */,
				E0DF28991F95A57E00F1B8C8 /* Resources */,
				888E4949E0DCB3DD03E7AC28 /* [CP] Embed Pods Frameworks */,
				DD36522A41DC14EDE2BB8811 /* [CP] Copy Pods Resources */,
			);
			buildRules = (
			);
			dependencies = (
				E0DF289D1F95A57E00F1B8C8 /* PBXTargetDependency */,
			);
			name = QuickTalkUITests;
			productName = QuickTalkUITests;
			productReference = E0DF289B1F95A57E00F1B8C8 /* QuickTalkUITests.xctest */;
			productType = "com.apple.product-type.bundle.ui-testing";
		};
/* End PBXNativeTarget section */

/* Begin PBXProject section */
		E0DF28701F95A57E00F1B8C8 /* Project object */ = {
			isa = PBXProject;
			attributes = {
				LastUpgradeCheck = 0900;
				ORGANIZATIONNAME = www.creactism.com;
				TargetAttributes = {
					E0DF28771F95A57E00F1B8C8 = {
						CreatedOnToolsVersion = 9.0;
						ProvisioningStyle = Automatic;
						SystemCapabilities = {
							com.apple.BackgroundModes = {
								enabled = 1;
							};
						};
					};
					E0DF288F1F95A57E00F1B8C8 = {
						CreatedOnToolsVersion = 9.0;
						ProvisioningStyle = Automatic;
						TestTargetID = E0DF28771F95A57E00F1B8C8;
					};
					E0DF289A1F95A57E00F1B8C8 = {
						CreatedOnToolsVersion = 9.0;
						ProvisioningStyle = Automatic;
						TestTargetID = E0DF28771F95A57E00F1B8C8;
					};
				};
			};
			buildConfigurationList = E0DF28731F95A57E00F1B8C8 /* Build configuration list for PBXProject "QuickTalk" */;
			compatibilityVersion = "Xcode 8.0";
			developmentRegion = en;
			hasScannedForEncodings = 0;
			knownRegions = (
				en,
				Base,
			);
			mainGroup = E0DF286F1F95A57E00F1B8C8;
			productRefGroup = E0DF28791F95A57E00F1B8C8 /* Products */;
			projectDirPath = "";
			projectRoot = "";
			targets = (
				E0DF28771F95A57E00F1B8C8 /* QuickTalk */,
				E0DF288F1F95A57E00F1B8C8 /* QuickTalkTests */,
				E0DF289A1F95A57E00F1B8C8 /* QuickTalkUITests */,
			);
		};
/* End PBXProject section */

/* Begin PBXResourcesBuildPhase section */
		E0DF28761F95A57E00F1B8C8 /* Resources */ = {
			isa = PBXResourcesBuildPhase;
			buildActionMask = 2147483647;
			files = (
				E081812D1F9995AD0035DEF4 /* code.json in Resources */,
				E08181301F9996320035DEF4 /* LaunchScreen.storyboard in Resources */,
				E0463BB41FAABB9B00849101 /* userAgreement.txt in Resources */,
				E081812C1F9995AD0035DEF4 /* Assets.xcassets in Resources */,
				E093517A1FA30EBE000687BC /* ShareSDKConfigFile.bundle in Resources */,
				E09351841FA30EBE000687BC /* WeiboSDK.bundle in Resources */,
				E093517D1FA30EBE000687BC /* ShareSDKUI.bundle in Resources */,
				E09351861FA30EBE000687BC /* README.txt in Resources */,
				E09351871FA30EBE000687BC /* ShareSDK.bundle in Resources */,
				E084A9211FB5AA8500AE4AD2 /* image.js in Resources */,
				E0A4FC841F98899D002ED580 /* Podfile in Resources */,
			);
			runOnlyForDeploymentPostprocessing = 0;
		};
		E0DF288E1F95A57E00F1B8C8 /* Resources */ = {
			isa = PBXResourcesBuildPhase;
			buildActionMask = 2147483647;
			files = (
			);
			runOnlyForDeploymentPostprocessing = 0;
		};
		E0DF28991F95A57E00F1B8C8 /* Resources */ = {
			isa = PBXResourcesBuildPhase;
			buildActionMask = 2147483647;
			files = (
			);
			runOnlyForDeploymentPostprocessing = 0;
		};
/* End PBXResourcesBuildPhase section */

/* Begin PBXShellScriptBuildPhase section */
		0753BB94833051CF00FD90B6 /* [CP] Check Pods Manifest.lock */ = {
			isa = PBXShellScriptBuildPhase;
			buildActionMask = 2147483647;
			files = (
			);
			inputPaths = (
				"${PODS_PODFILE_DIR_PATH}/Podfile.lock",
				"${PODS_ROOT}/Manifest.lock",
			);
			name = "[CP] Check Pods Manifest.lock";
			outputPaths = (
				"$(DERIVED_FILE_DIR)/Pods-QuickTalk-checkManifestLockResult.txt",
			);
			runOnlyForDeploymentPostprocessing = 0;
			shellPath = /bin/sh;
			shellScript = "diff \"${PODS_PODFILE_DIR_PATH}/Podfile.lock\" \"${PODS_ROOT}/Manifest.lock\" > /dev/null\nif [ $? != 0 ] ; then\n    # print error to STDERR\n    echo \"error: The sandbox is not in sync with the Podfile.lock. Run 'pod install' or update your CocoaPods installation.\" >&2\n    exit 1\nfi\n# This output is used by Xcode 'outputs' to avoid re-running this script phase.\necho \"SUCCESS\" > \"${SCRIPT_OUTPUT_FILE_0}\"\n";
			showEnvVarsInLog = 0;
		};
		1956FFA4858F18887182680D /* [CP] Embed Pods Frameworks */ = {
			isa = PBXShellScriptBuildPhase;
			buildActionMask = 2147483647;
			files = (
			);
			inputPaths = (
			);
			name = "[CP] Embed Pods Frameworks";
			outputPaths = (
			);
			runOnlyForDeploymentPostprocessing = 0;
			shellPath = /bin/sh;
			shellScript = "\"${SRCROOT}/Pods/Target Support Files/Pods-QuickTalk/Pods-QuickTalk-frameworks.sh\"\n";
			showEnvVarsInLog = 0;
		};
		28582B0CA28F5783D2C6DC76 /* [CP] Copy Pods Resources */ = {
			isa = PBXShellScriptBuildPhase;
			buildActionMask = 2147483647;
			files = (
			);
			inputPaths = (
			);
			name = "[CP] Copy Pods Resources";
			outputPaths = (
			);
			runOnlyForDeploymentPostprocessing = 0;
			shellPath = /bin/sh;
			shellScript = "\"${SRCROOT}/Pods/Target Support Files/Pods-QuickTalkTests/Pods-QuickTalkTests-resources.sh\"\n";
			showEnvVarsInLog = 0;
		};
		5893D1BB51CB940A19BFBBB1 /* [CP] Copy Pods Resources */ = {
			isa = PBXShellScriptBuildPhase;
			buildActionMask = 2147483647;
			files = (
			);
			inputPaths = (
				"${SRCROOT}/Pods/Target Support Files/Pods-QuickTalk/Pods-QuickTalk-resources.sh",
				"${PODS_ROOT}/MJRefresh/MJRefresh/MJRefresh.bundle",
				"${PODS_ROOT}/SAMKeychain/Support/SAMKeychain.bundle",
				"${PODS_ROOT}/TSMessages/Pod/Assets/NotificationBackgroundError.png",
				"${PODS_ROOT}/TSMessages/Pod/Assets/NotificationBackgroundError@2x.png",
				"${PODS_ROOT}/TSMessages/Pod/Assets/NotificationBackgroundErrorIcon.png",
				"${PODS_ROOT}/TSMessages/Pod/Assets/NotificationBackgroundErrorIcon@2x.png",
				"${PODS_ROOT}/TSMessages/Pod/Assets/NotificationBackgroundMessage.png",
				"${PODS_ROOT}/TSMessages/Pod/Assets/NotificationBackgroundMessage@2x.png",
				"${PODS_ROOT}/TSMessages/Pod/Assets/NotificationBackgroundSuccess.png",
				"${PODS_ROOT}/TSMessages/Pod/Assets/NotificationBackgroundSuccess@2x.png",
				"${PODS_ROOT}/TSMessages/Pod/Assets/NotificationBackgroundSuccessIcon.png",
				"${PODS_ROOT}/TSMessages/Pod/Assets/NotificationBackgroundSuccessIcon@2x.png",
				"${PODS_ROOT}/TSMessages/Pod/Assets/NotificationBackgroundWarning.png",
				"${PODS_ROOT}/TSMessages/Pod/Assets/NotificationBackgroundWarning@2x.png",
				"${PODS_ROOT}/TSMessages/Pod/Assets/NotificationBackgroundWarningIcon.png",
				"${PODS_ROOT}/TSMessages/Pod/Assets/NotificationBackgroundWarningIcon@2x.png",
				"${PODS_ROOT}/TSMessages/Pod/Assets/NotificationButtonBackground.png",
				"${PODS_ROOT}/TSMessages/Pod/Assets/NotificationButtonBackground@2x.png",
				"${PODS_ROOT}/TSMessages/Pod/Assets/TSMessagesDefaultDesign.json",
			);
			name = "[CP] Copy Pods Resources";
			outputPaths = (
				"${TARGET_BUILD_DIR}/${UNLOCALIZED_RESOURCES_FOLDER_PATH}",
			);
			runOnlyForDeploymentPostprocessing = 0;
			shellPath = /bin/sh;
			shellScript = "\"${SRCROOT}/Pods/Target Support Files/Pods-QuickTalk/Pods-QuickTalk-resources.sh\"\n";
			showEnvVarsInLog = 0;
		};
		68A88FA2C52B75772F63AB58 /* [CP] Check Pods Manifest.lock */ = {
			isa = PBXShellScriptBuildPhase;
			buildActionMask = 2147483647;
			files = (
			);
			inputPaths = (
				"${PODS_PODFILE_DIR_PATH}/Podfile.lock",
				"${PODS_ROOT}/Manifest.lock",
			);
			name = "[CP] Check Pods Manifest.lock";
			outputPaths = (
				"$(DERIVED_FILE_DIR)/Pods-QuickTalkUITests-checkManifestLockResult.txt",
			);
			runOnlyForDeploymentPostprocessing = 0;
			shellPath = /bin/sh;
			shellScript = "diff \"${PODS_PODFILE_DIR_PATH}/Podfile.lock\" \"${PODS_ROOT}/Manifest.lock\" > /dev/null\nif [ $? != 0 ] ; then\n    # print error to STDERR\n    echo \"error: The sandbox is not in sync with the Podfile.lock. Run 'pod install' or update your CocoaPods installation.\" >&2\n    exit 1\nfi\n# This output is used by Xcode 'outputs' to avoid re-running this script phase.\necho \"SUCCESS\" > \"${SCRIPT_OUTPUT_FILE_0}\"\n";
			showEnvVarsInLog = 0;
		};
		7A7C01223ABD3F2EC0143786 /* [CP] Embed Pods Frameworks */ = {
			isa = PBXShellScriptBuildPhase;
			buildActionMask = 2147483647;
			files = (
			);
			inputPaths = (
			);
			name = "[CP] Embed Pods Frameworks";
			outputPaths = (
			);
			runOnlyForDeploymentPostprocessing = 0;
			shellPath = /bin/sh;
			shellScript = "\"${SRCROOT}/Pods/Target Support Files/Pods-QuickTalkTests/Pods-QuickTalkTests-frameworks.sh\"\n";
			showEnvVarsInLog = 0;
		};
		888E4949E0DCB3DD03E7AC28 /* [CP] Embed Pods Frameworks */ = {
			isa = PBXShellScriptBuildPhase;
			buildActionMask = 2147483647;
			files = (
			);
			inputPaths = (
			);
			name = "[CP] Embed Pods Frameworks";
			outputPaths = (
			);
			runOnlyForDeploymentPostprocessing = 0;
			shellPath = /bin/sh;
			shellScript = "\"${SRCROOT}/Pods/Target Support Files/Pods-QuickTalkUITests/Pods-QuickTalkUITests-frameworks.sh\"\n";
			showEnvVarsInLog = 0;
		};
		A4D5608BCA47BFB93792F00D /* [CP] Check Pods Manifest.lock */ = {
			isa = PBXShellScriptBuildPhase;
			buildActionMask = 2147483647;
			files = (
			);
			inputPaths = (
				"${PODS_PODFILE_DIR_PATH}/Podfile.lock",
				"${PODS_ROOT}/Manifest.lock",
			);
			name = "[CP] Check Pods Manifest.lock";
			outputPaths = (
				"$(DERIVED_FILE_DIR)/Pods-QuickTalkTests-checkManifestLockResult.txt",
			);
			runOnlyForDeploymentPostprocessing = 0;
			shellPath = /bin/sh;
			shellScript = "diff \"${PODS_PODFILE_DIR_PATH}/Podfile.lock\" \"${PODS_ROOT}/Manifest.lock\" > /dev/null\nif [ $? != 0 ] ; then\n    # print error to STDERR\n    echo \"error: The sandbox is not in sync with the Podfile.lock. Run 'pod install' or update your CocoaPods installation.\" >&2\n    exit 1\nfi\n# This output is used by Xcode 'outputs' to avoid re-running this script phase.\necho \"SUCCESS\" > \"${SCRIPT_OUTPUT_FILE_0}\"\n";
			showEnvVarsInLog = 0;
		};
		DD36522A41DC14EDE2BB8811 /* [CP] Copy Pods Resources */ = {
			isa = PBXShellScriptBuildPhase;
			buildActionMask = 2147483647;
			files = (
			);
			inputPaths = (
			);
			name = "[CP] Copy Pods Resources";
			outputPaths = (
			);
			runOnlyForDeploymentPostprocessing = 0;
			shellPath = /bin/sh;
			shellScript = "\"${SRCROOT}/Pods/Target Support Files/Pods-QuickTalkUITests/Pods-QuickTalkUITests-resources.sh\"\n";
			showEnvVarsInLog = 0;
		};
/* End PBXShellScriptBuildPhase section */

/* Begin PBXSourcesBuildPhase section */
		E0DF28741F95A57E00F1B8C8 /* Sources */ = {
			isa = PBXSourcesBuildPhase;
			buildActionMask = 2147483647;
			files = (
				E040F6AA1FB15B5900CDA6B0 /* QTCommentModel.m in Sources */,
				E0DF28FC1F95AA8A00F1B8C8 /* main.m in Sources */,
				E040F6B41FB179AB00CDA6B0 /* QTCircleCell.m in Sources */,
				E0972E8F1F9DA2F200033893 /* NSObject+Obj.m in Sources */,
				E0DF28E91F95A81000F1B8C8 /* Tools.m in Sources */,
				E08A64581FA97C5800317CE2 /* QTTabBarController.m in Sources */,
				E0A0F4A91FB2AD9E001242DF /* QTMyCell.m in Sources */,
				E040F6A11FB15B5900CDA6B0 /* QTAvatarEditController.m in Sources */,
				E0DF28EA1F95A81000F1B8C8 /* UIButton+NetworkImage.m in Sources */,
				E0DF28EB1F95A81000F1B8C8 /* UIColor+Additions.m in Sources */,
				E040F6A21FB15B5900CDA6B0 /* QTFeedbackController.m in Sources */,
				E0DF28EC1F95A81000F1B8C8 /* UIImage+RBImage.m in Sources */,
				E0DF28ED1F95A81000F1B8C8 /* UIImageView+NetworkImage.m in Sources */,
				E0DBAD1F1FAC13F2005B22A9 /* Reachability.m in Sources */,
				E045AD931FC417D800A16A40 /* QTCleaner.m in Sources */,
				E040F6A71FB15B5900CDA6B0 /* QTUserAgreementController.m in Sources */,
				E07FF8C21FA1DD6300D7CE25 /* QTTipView.m in Sources */,
				E08181331F99A01E0035DEF4 /* QTUserInfo.m in Sources */,
				E093519D1FA32DDC000687BC /* NSString+QuickTalk.m in Sources */,
				E084A91B1FB53FA400AE4AD2 /* QTErrorView.m in Sources */,
				E040F6A91FB15B5900CDA6B0 /* QTTopicController.m in Sources */,
				E0DF28EE1F95A81000F1B8C8 /* QTMessage.m in Sources */,
				E040F6B11FB15CB000CDA6B0 /* QTCircleController.m in Sources */,
				E040F6A81FB15B5900CDA6B0 /* QTMainViewController.m in Sources */,
				E0233C731FC2E2770010D9DC /* QTSpeaker.m in Sources */,
				E068C7C71FBD29110045E930 /* QTExamineViewController.m in Sources */,
				E040F6AB1FB15B5900CDA6B0 /* QTTopicModel.m in Sources */,
				E040F6AD1FB15B5900CDA6B0 /* QTTopicLeftCell.m in Sources */,
				E0DF28EF1F95A81000F1B8C8 /* QTNavigationController.m in Sources */,
				E08A64641FA9CABC00317CE2 /* NSString+Emoji.m in Sources */,
				E040F6AE1FB15B5900CDA6B0 /* QTTopicRightCell.m in Sources */,
				E045AD8F1FC3D8F100A16A40 /* QTTopicSpeaker.m in Sources */,
				E0DF28F01F95A81000F1B8C8 /* QTProgressHUD.m in Sources */,
				E040F6A41FB15B5900CDA6B0 /* QTInfoEditController.m in Sources */,
				E094BB5C1F95F76B00375AD8 /* QTPopoverView.m in Sources */,
				E0DF28F11F95A81000F1B8C8 /* QTRefreshFooter.m in Sources */,
				E040F6A51FB15B5900CDA6B0 /* QTIntroController.m in Sources */,
				E09143C21FB4662F007D43D5 /* QTTopicContentController.m in Sources */,
				E0DF28F21F95A81000F1B8C8 /* QTRefreshHeader.m in Sources */,
				E040F6B71FB1861D00CDA6B0 /* QTAddCircleController.m in Sources */,
				E040F6A61FB15B5900CDA6B0 /* QTSettingController.m in Sources */,
				E040F6BA1FB19B5A00CDA6B0 /* QTCircleModel.m in Sources */,
				E0DF28F31F95A81000F1B8C8 /* UIScrollView+QTRefresh.m in Sources */,
				E04DF41B1F9EEEA000EFD1C6 /* EwenTextView.m in Sources */,
				E084A91F1FB598A100AE4AD2 /* RBImagebrowse.m in Sources */,
				E0DF28F41F95A81000F1B8C8 /* QTViewController.m in Sources */,
				E0DF28F51F95A81000F1B8C8 /* QTNetworkAgent.m in Sources */,
				E040F6AC1FB15B5900CDA6B0 /* QTMainCell.m in Sources */,
				E040F6BD1FB1A9A400CDA6B0 /* QTMyController.m in Sources */,
				E0DF28F61F95A81000F1B8C8 /* QTNetworking.m in Sources */,
				E040F6A31FB15B5900CDA6B0 /* QTInfoController.m in Sources */,
				E0DF28F71F95A81000F1B8C8 /* QTServiceCode.m in Sources */,
				E0DF28FB1F95A81000F1B8C8 /* AppDelegate.m in Sources */,
			);
			runOnlyForDeploymentPostprocessing = 0;
		};
		E0DF288C1F95A57E00F1B8C8 /* Sources */ = {
			isa = PBXSourcesBuildPhase;
			buildActionMask = 2147483647;
			files = (
				E0DF28951F95A57E00F1B8C8 /* QuickTalkTests.m in Sources */,
			);
			runOnlyForDeploymentPostprocessing = 0;
		};
		E0DF28971F95A57E00F1B8C8 /* Sources */ = {
			isa = PBXSourcesBuildPhase;
			buildActionMask = 2147483647;
			files = (
				E0DF28A01F95A57E00F1B8C8 /* QuickTalkUITests.m in Sources */,
			);
			runOnlyForDeploymentPostprocessing = 0;
		};
/* End PBXSourcesBuildPhase section */

/* Begin PBXTargetDependency section */
		E0DF28921F95A57E00F1B8C8 /* PBXTargetDependency */ = {
			isa = PBXTargetDependency;
			target = E0DF28771F95A57E00F1B8C8 /* QuickTalk */;
			targetProxy = E0DF28911F95A57E00F1B8C8 /* PBXContainerItemProxy */;
		};
		E0DF289D1F95A57E00F1B8C8 /* PBXTargetDependency */ = {
			isa = PBXTargetDependency;
			target = E0DF28771F95A57E00F1B8C8 /* QuickTalk */;
			targetProxy = E0DF289C1F95A57E00F1B8C8 /* PBXContainerItemProxy */;
		};
/* End PBXTargetDependency section */

/* Begin XCBuildConfiguration section */
		E0DF28A21F95A57E00F1B8C8 /* Debug */ = {
			isa = XCBuildConfiguration;
			buildSettings = {
				ALWAYS_SEARCH_USER_PATHS = NO;
				CLANG_ANALYZER_NONNULL = YES;
				CLANG_ANALYZER_NUMBER_OBJECT_CONVERSION = YES_AGGRESSIVE;
				CLANG_CXX_LANGUAGE_STANDARD = "gnu++14";
				CLANG_CXX_LIBRARY = "libc++";
				CLANG_ENABLE_MODULES = YES;
				CLANG_ENABLE_OBJC_ARC = YES;
				CLANG_WARN_BLOCK_CAPTURE_AUTORELEASING = YES;
				CLANG_WARN_BOOL_CONVERSION = YES;
				CLANG_WARN_COMMA = YES;
				CLANG_WARN_CONSTANT_CONVERSION = YES;
				CLANG_WARN_DIRECT_OBJC_ISA_USAGE = YES_ERROR;
				CLANG_WARN_DOCUMENTATION_COMMENTS = YES;
				CLANG_WARN_EMPTY_BODY = YES;
				CLANG_WARN_ENUM_CONVERSION = YES;
				CLANG_WARN_INFINITE_RECURSION = YES;
				CLANG_WARN_INT_CONVERSION = YES;
				CLANG_WARN_NON_LITERAL_NULL_CONVERSION = YES;
				CLANG_WARN_OBJC_LITERAL_CONVERSION = YES;
				CLANG_WARN_OBJC_ROOT_CLASS = YES_ERROR;
				CLANG_WARN_RANGE_LOOP_ANALYSIS = YES;
				CLANG_WARN_STRICT_PROTOTYPES = YES;
				CLANG_WARN_SUSPICIOUS_MOVE = YES;
				CLANG_WARN_UNGUARDED_AVAILABILITY = YES_AGGRESSIVE;
				CLANG_WARN_UNREACHABLE_CODE = YES;
				CLANG_WARN__DUPLICATE_METHOD_MATCH = YES;
				CODE_SIGN_IDENTITY = "iPhone Developer";
				COPY_PHASE_STRIP = NO;
				DEBUG_INFORMATION_FORMAT = dwarf;
				ENABLE_STRICT_OBJC_MSGSEND = YES;
				ENABLE_TESTABILITY = YES;
				GCC_C_LANGUAGE_STANDARD = gnu11;
				GCC_DYNAMIC_NO_PIC = NO;
				GCC_NO_COMMON_BLOCKS = YES;
				GCC_OPTIMIZATION_LEVEL = 0;
				GCC_PREPROCESSOR_DEFINITIONS = (
					"DEBUG=1",
					"$(inherited)",
				);
				GCC_WARN_64_TO_32_BIT_CONVERSION = YES;
				GCC_WARN_ABOUT_RETURN_TYPE = YES_ERROR;
				GCC_WARN_UNDECLARED_SELECTOR = YES;
				GCC_WARN_UNINITIALIZED_AUTOS = YES_AGGRESSIVE;
				GCC_WARN_UNUSED_FUNCTION = YES;
				GCC_WARN_UNUSED_VARIABLE = YES;
				IPHONEOS_DEPLOYMENT_TARGET = 11.0;
				MTL_ENABLE_DEBUG_INFO = YES;
				ONLY_ACTIVE_ARCH = YES;
				SDKROOT = iphoneos;
			};
			name = Debug;
		};
		E0DF28A31F95A57E00F1B8C8 /* Release */ = {
			isa = XCBuildConfiguration;
			buildSettings = {
				ALWAYS_SEARCH_USER_PATHS = NO;
				CLANG_ANALYZER_NONNULL = YES;
				CLANG_ANALYZER_NUMBER_OBJECT_CONVERSION = YES_AGGRESSIVE;
				CLANG_CXX_LANGUAGE_STANDARD = "gnu++14";
				CLANG_CXX_LIBRARY = "libc++";
				CLANG_ENABLE_MODULES = YES;
				CLANG_ENABLE_OBJC_ARC = YES;
				CLANG_WARN_BLOCK_CAPTURE_AUTORELEASING = YES;
				CLANG_WARN_BOOL_CONVERSION = YES;
				CLANG_WARN_COMMA = YES;
				CLANG_WARN_CONSTANT_CONVERSION = YES;
				CLANG_WARN_DIRECT_OBJC_ISA_USAGE = YES_ERROR;
				CLANG_WARN_DOCUMENTATION_COMMENTS = YES;
				CLANG_WARN_EMPTY_BODY = YES;
				CLANG_WARN_ENUM_CONVERSION = YES;
				CLANG_WARN_INFINITE_RECURSION = YES;
				CLANG_WARN_INT_CONVERSION = YES;
				CLANG_WARN_NON_LITERAL_NULL_CONVERSION = YES;
				CLANG_WARN_OBJC_LITERAL_CONVERSION = YES;
				CLANG_WARN_OBJC_ROOT_CLASS = YES_ERROR;
				CLANG_WARN_RANGE_LOOP_ANALYSIS = YES;
				CLANG_WARN_STRICT_PROTOTYPES = YES;
				CLANG_WARN_SUSPICIOUS_MOVE = YES;
				CLANG_WARN_UNGUARDED_AVAILABILITY = YES_AGGRESSIVE;
				CLANG_WARN_UNREACHABLE_CODE = YES;
				CLANG_WARN__DUPLICATE_METHOD_MATCH = YES;
				CODE_SIGN_IDENTITY = "iPhone Developer";
				COPY_PHASE_STRIP = NO;
				DEBUG_INFORMATION_FORMAT = "dwarf-with-dsym";
				ENABLE_NS_ASSERTIONS = NO;
				ENABLE_STRICT_OBJC_MSGSEND = YES;
				GCC_C_LANGUAGE_STANDARD = gnu11;
				GCC_NO_COMMON_BLOCKS = YES;
				GCC_WARN_64_TO_32_BIT_CONVERSION = YES;
				GCC_WARN_ABOUT_RETURN_TYPE = YES_ERROR;
				GCC_WARN_UNDECLARED_SELECTOR = YES;
				GCC_WARN_UNINITIALIZED_AUTOS = YES_AGGRESSIVE;
				GCC_WARN_UNUSED_FUNCTION = YES;
				GCC_WARN_UNUSED_VARIABLE = YES;
				IPHONEOS_DEPLOYMENT_TARGET = 11.0;
				MTL_ENABLE_DEBUG_INFO = NO;
				SDKROOT = iphoneos;
				VALIDATE_PRODUCT = YES;
			};
			name = Release;
		};
		E0DF28A51F95A57E00F1B8C8 /* Debug */ = {
			isa = XCBuildConfiguration;
			baseConfigurationReference = 9F7B92A8A525DBFE3C95710E /* Pods-QuickTalk.debug.xcconfig */;
			buildSettings = {
				ASSETCATALOG_COMPILER_APPICON_NAME = AppIcon;
				CODE_SIGN_IDENTITY = "iPhone Developer";
				CODE_SIGN_STYLE = Automatic;
				DEVELOPMENT_TEAM = S8VUN65RG9;
				ENABLE_BITCODE = NO;
				FRAMEWORK_SEARCH_PATHS = (
					"$(inherited)",
					"$(PROJECT_DIR)/QuickTalk/3rd/ShareSDK",
					"$(PROJECT_DIR)/QuickTalk/3rd/ShareSDK/Support/Optional",
					"$(PROJECT_DIR)/QuickTalk/3rd/ShareSDK/Support/PlatformConnector",
					"$(PROJECT_DIR)/QuickTalk/3rd/ShareSDK/Support/PlatformSDK/QQSDK",
					"$(PROJECT_DIR)/QuickTalk/3rd/ShareSDK/Support/Required",
					"$(PROJECT_DIR)/QuickTalk/3rd",
				);
				GCC_PRECOMPILE_PREFIX_HEADER = YES;
				GCC_PREFIX_HEADER = "QuickTalk/SupportingFiles/QuickTalk-Prefix.pch";
				INFOPLIST_FILE = "$(SRCROOT)/QuickTalk/SupportingFiles/Info.plist";
				IPHONEOS_DEPLOYMENT_TARGET = 9.0;
				LD_RUNPATH_SEARCH_PATHS = "$(inherited) @executable_path/Frameworks";
				LIBRARY_SEARCH_PATHS = (
					"$(inherited)",
					"$(PROJECT_DIR)/QuickTalk/3rd/ShareSDK/Support/PlatformSDK/SinaWeiboSDK",
					"$(PROJECT_DIR)/QuickTalk/3rd/ShareSDK/Support/PlatformSDK/WeChatSDK",
				);
				PRODUCT_BUNDLE_IDENTIFIER = com.creactism.QuickTalk;
				PRODUCT_NAME = "$(TARGET_NAME)";
				PROVISIONING_PROFILE = "";
				PROVISIONING_PROFILE_SPECIFIER = "";
				TARGETED_DEVICE_FAMILY = 1;
			};
			name = Debug;
		};
		E0DF28A61F95A57E00F1B8C8 /* Release */ = {
			isa = XCBuildConfiguration;
			baseConfigurationReference = 0727663B0DB0D51C30CEC529 /* Pods-QuickTalk.release.xcconfig */;
			buildSettings = {
				ASSETCATALOG_COMPILER_APPICON_NAME = AppIcon;
				CODE_SIGN_IDENTITY = "iPhone Distribution";
				CODE_SIGN_STYLE = Manual;
				DEVELOPMENT_TEAM = S8VUN65RG9;
				ENABLE_BITCODE = NO;
				FRAMEWORK_SEARCH_PATHS = (
					"$(inherited)",
					"$(PROJECT_DIR)/QuickTalk/3rd/ShareSDK",
					"$(PROJECT_DIR)/QuickTalk/3rd/ShareSDK/Support/Optional",
					"$(PROJECT_DIR)/QuickTalk/3rd/ShareSDK/Support/PlatformConnector",
					"$(PROJECT_DIR)/QuickTalk/3rd/ShareSDK/Support/PlatformSDK/QQSDK",
					"$(PROJECT_DIR)/QuickTalk/3rd/ShareSDK/Support/Required",
					"$(PROJECT_DIR)/QuickTalk/3rd",
				);
				GCC_PRECOMPILE_PREFIX_HEADER = YES;
				GCC_PREFIX_HEADER = "QuickTalk/SupportingFiles/QuickTalk-Prefix.pch";
				INFOPLIST_FILE = "$(SRCROOT)/QuickTalk/SupportingFiles/Info.plist";
				IPHONEOS_DEPLOYMENT_TARGET = 9.0;
				LD_RUNPATH_SEARCH_PATHS = "$(inherited) @executable_path/Frameworks";
				LIBRARY_SEARCH_PATHS = (
					"$(inherited)",
					"$(PROJECT_DIR)/QuickTalk/3rd/ShareSDK/Support/PlatformSDK/SinaWeiboSDK",
					"$(PROJECT_DIR)/QuickTalk/3rd/ShareSDK/Support/PlatformSDK/WeChatSDK",
				);
				PRODUCT_BUNDLE_IDENTIFIER = com.creactism.QuickTalk;
				PRODUCT_NAME = "$(TARGET_NAME)";
				PROVISIONING_PROFILE = "5a810fd8-f6bb-4340-bd8b-5affb4f4f454";
				PROVISIONING_PROFILE_SPECIFIER = "快言_Distribution";
				TARGETED_DEVICE_FAMILY = 1;
			};
			name = Release;
		};
		E0DF28A81F95A57E00F1B8C8 /* Debug */ = {
			isa = XCBuildConfiguration;
			baseConfigurationReference = E9E5648FB0E0649D84270A0D /* Pods-QuickTalkTests.debug.xcconfig */;
			buildSettings = {
				BUNDLE_LOADER = "$(TEST_HOST)";
				CODE_SIGN_STYLE = Automatic;
				DEVELOPMENT_TEAM = QK47X3HA68;
				INFOPLIST_FILE = QuickTalkTests/Info.plist;
				LD_RUNPATH_SEARCH_PATHS = "$(inherited) @executable_path/Frameworks @loader_path/Frameworks";
				PRODUCT_BUNDLE_IDENTIFIER = com.creactism.QuickTalkTests;
				PRODUCT_NAME = "$(TARGET_NAME)";
				TARGETED_DEVICE_FAMILY = "1,2";
				TEST_HOST = "$(BUILT_PRODUCTS_DIR)/QuickTalk.app/QuickTalk";
			};
			name = Debug;
		};
		E0DF28A91F95A57E00F1B8C8 /* Release */ = {
			isa = XCBuildConfiguration;
			baseConfigurationReference = 91BA3A4F44478666E8D04BBA /* Pods-QuickTalkTests.release.xcconfig */;
			buildSettings = {
				BUNDLE_LOADER = "$(TEST_HOST)";
				CODE_SIGN_STYLE = Automatic;
				DEVELOPMENT_TEAM = QK47X3HA68;
				INFOPLIST_FILE = QuickTalkTests/Info.plist;
				LD_RUNPATH_SEARCH_PATHS = "$(inherited) @executable_path/Frameworks @loader_path/Frameworks";
				PRODUCT_BUNDLE_IDENTIFIER = com.creactism.QuickTalkTests;
				PRODUCT_NAME = "$(TARGET_NAME)";
				TARGETED_DEVICE_FAMILY = "1,2";
				TEST_HOST = "$(BUILT_PRODUCTS_DIR)/QuickTalk.app/QuickTalk";
			};
			name = Release;
		};
		E0DF28AB1F95A57E00F1B8C8 /* Debug */ = {
			isa = XCBuildConfiguration;
			baseConfigurationReference = 60C98B0683BCFE30FE1A6618 /* Pods-QuickTalkUITests.debug.xcconfig */;
			buildSettings = {
				CODE_SIGN_STYLE = Automatic;
				DEVELOPMENT_TEAM = QK47X3HA68;
				INFOPLIST_FILE = QuickTalkUITests/Info.plist;
				LD_RUNPATH_SEARCH_PATHS = "$(inherited) @executable_path/Frameworks @loader_path/Frameworks";
				PRODUCT_BUNDLE_IDENTIFIER = com.creactism.QuickTalkUITests;
				PRODUCT_NAME = "$(TARGET_NAME)";
				TARGETED_DEVICE_FAMILY = "1,2";
				TEST_TARGET_NAME = QuickTalk;
			};
			name = Debug;
		};
		E0DF28AC1F95A57E00F1B8C8 /* Release */ = {
			isa = XCBuildConfiguration;
			baseConfigurationReference = 6CA9A69E981986721FEB1DB3 /* Pods-QuickTalkUITests.release.xcconfig */;
			buildSettings = {
				CODE_SIGN_STYLE = Automatic;
				DEVELOPMENT_TEAM = QK47X3HA68;
				INFOPLIST_FILE = QuickTalkUITests/Info.plist;
				LD_RUNPATH_SEARCH_PATHS = "$(inherited) @executable_path/Frameworks @loader_path/Frameworks";
				PRODUCT_BUNDLE_IDENTIFIER = com.creactism.QuickTalkUITests;
				PRODUCT_NAME = "$(TARGET_NAME)";
				TARGETED_DEVICE_FAMILY = "1,2";
				TEST_TARGET_NAME = QuickTalk;
			};
			name = Release;
		};
/* End XCBuildConfiguration section */

/* Begin XCConfigurationList section */
		E0DF28731F95A57E00F1B8C8 /* Build configuration list for PBXProject "QuickTalk" */ = {
			isa = XCConfigurationList;
			buildConfigurations = (
				E0DF28A21F95A57E00F1B8C8 /* Debug */,
				E0DF28A31F95A57E00F1B8C8 /* Release */,
			);
			defaultConfigurationIsVisible = 0;
			defaultConfigurationName = Release;
		};
		E0DF28A41F95A57E00F1B8C8 /* Build configuration list for PBXNativeTarget "QuickTalk" */ = {
			isa = XCConfigurationList;
			buildConfigurations = (
				E0DF28A51F95A57E00F1B8C8 /* Debug */,
				E0DF28A61F95A57E00F1B8C8 /* Release */,
			);
			defaultConfigurationIsVisible = 0;
			defaultConfigurationName = Release;
		};
		E0DF28A71F95A57E00F1B8C8 /* Build configuration list for PBXNativeTarget "QuickTalkTests" */ = {
			isa = XCConfigurationList;
			buildConfigurations = (
				E0DF28A81F95A57E00F1B8C8 /* Debug */,
				E0DF28A91F95A57E00F1B8C8 /* Release */,
			);
			defaultConfigurationIsVisible = 0;
			defaultConfigurationName = Release;
		};
		E0DF28AA1F95A57E00F1B8C8 /* Build configuration list for PBXNativeTarget "QuickTalkUITests" */ = {
			isa = XCConfigurationList;
			buildConfigurations = (
				E0DF28AB1F95A57E00F1B8C8 /* Debug */,
				E0DF28AC1F95A57E00F1B8C8 /* Release */,
			);
			defaultConfigurationIsVisible = 0;
			defaultConfigurationName = Release;
		};
/* End XCConfigurationList section */
	};
	rootObject = E0DF28701F95A57E00F1B8C8 /* Project object */;
}
